{
  "version": 4,
  "terraform_version": "1.4.6",
  "serial": 161,
  "lineage": "6c8bf619-3c6e-da64-fd5c-8b1b0c223710",
  "outputs": {
    "cluster_arn": {
      "value": "arn:aws:ecs:ap-northeast-1:981715094000:cluster/one-ecs-cluster",
      "type": "string"
    },
    "cluster_autoscaling_capacity_providers": {
      "value": {},
      "type": [
        "object",
        {}
      ]
    },
    "cluster_capacity_providers": {
      "value": {
        "one-ecs-cluster": {
          "capacity_providers": [
            "FARGATE",
            "FARGATE_SPOT"
          ],
          "cluster_name": "one-ecs-cluster",
          "default_capacity_provider_strategy": [
            {
              "base": 0,
              "capacity_provider": "FARGATE_SPOT",
              "weight": 50
            },
            {
              "base": 2,
              "capacity_provider": "FARGATE",
              "weight": 50
            }
          ],
          "id": "one-ecs-cluster"
        }
      },
      "type": [
        "object",
        {
          "one-ecs-cluster": [
            "object",
            {
              "capacity_providers": [
                "set",
                "string"
              ],
              "cluster_name": "string",
              "default_capacity_provider_strategy": [
                "set",
                [
                  "object",
                  {
                    "base": "number",
                    "capacity_provider": "string",
                    "weight": "number"
                  }
                ]
              ],
              "id": "string"
            }
          ]
        }
      ]
    },
    "cluster_id": {
      "value": "arn:aws:ecs:ap-northeast-1:981715094000:cluster/one-ecs-cluster",
      "type": "string"
    },
    "cluster_name": {
      "value": "one-ecs-cluster",
      "type": "string"
    },
    "service_autoscaling_policies": {
      "value": {
        "cpu": {
          "alarm_arns": [
            "arn:aws:cloudwatch:ap-northeast-1:981715094000:alarm:TargetTracking-service/one-ecs-cluster/one-ecs-service-AlarmHigh-6217fa7d-fce6-4391-936f-c9f9ee9e6e99",
            "arn:aws:cloudwatch:ap-northeast-1:981715094000:alarm:TargetTracking-service/one-ecs-cluster/one-ecs-service-AlarmLow-8d54d175-eb4b-4f1e-89d9-661e533d90e7"
          ],
          "arn": "arn:aws:autoscaling:ap-northeast-1:981715094000:scalingPolicy:1f7c5582-ed65-402d-9dcb-847783236b49:resource/ecs/service/one-ecs-cluster/one-ecs-service:policyName/cpu",
          "id": "cpu",
          "name": "cpu",
          "policy_type": "TargetTrackingScaling",
          "resource_id": "service/one-ecs-cluster/one-ecs-service",
          "scalable_dimension": "ecs:service:DesiredCount",
          "service_namespace": "ecs",
          "step_scaling_policy_configuration": [],
          "target_tracking_scaling_policy_configuration": [
            {
              "customized_metric_specification": [],
              "disable_scale_in": false,
              "predefined_metric_specification": [
                {
                  "predefined_metric_type": "ECSServiceAverageCPUUtilization",
                  "resource_label": ""
                }
              ],
              "scale_in_cooldown": 300,
              "scale_out_cooldown": 60,
              "target_value": 75
            }
          ]
        },
        "memory": {
          "alarm_arns": [
            "arn:aws:cloudwatch:ap-northeast-1:981715094000:alarm:TargetTracking-service/one-ecs-cluster/one-ecs-service-AlarmHigh-c54b371b-3b28-43d6-ab89-b0779e20f7ae",
            "arn:aws:cloudwatch:ap-northeast-1:981715094000:alarm:TargetTracking-service/one-ecs-cluster/one-ecs-service-AlarmLow-8e0cbe6d-e8b0-4dc1-a0f5-676287966a18"
          ],
          "arn": "arn:aws:autoscaling:ap-northeast-1:981715094000:scalingPolicy:1f7c5582-ed65-402d-9dcb-847783236b49:resource/ecs/service/one-ecs-cluster/one-ecs-service:policyName/memory",
          "id": "memory",
          "name": "memory",
          "policy_type": "TargetTrackingScaling",
          "resource_id": "service/one-ecs-cluster/one-ecs-service",
          "scalable_dimension": "ecs:service:DesiredCount",
          "service_namespace": "ecs",
          "step_scaling_policy_configuration": [],
          "target_tracking_scaling_policy_configuration": [
            {
              "customized_metric_specification": [],
              "disable_scale_in": false,
              "predefined_metric_specification": [
                {
                  "predefined_metric_type": "ECSServiceAverageMemoryUtilization",
                  "resource_label": ""
                }
              ],
              "scale_in_cooldown": 300,
              "scale_out_cooldown": 60,
              "target_value": 75
            }
          ]
        }
      },
      "type": [
        "object",
        {
          "cpu": [
            "object",
            {
              "alarm_arns": [
                "list",
                "string"
              ],
              "arn": "string",
              "id": "string",
              "name": "string",
              "policy_type": "string",
              "resource_id": "string",
              "scalable_dimension": "string",
              "service_namespace": "string",
              "step_scaling_policy_configuration": [
                "list",
                [
                  "object",
                  {
                    "adjustment_type": "string",
                    "cooldown": "number",
                    "metric_aggregation_type": "string",
                    "min_adjustment_magnitude": "number",
                    "step_adjustment": [
                      "set",
                      [
                        "object",
                        {
                          "metric_interval_lower_bound": "string",
                          "metric_interval_upper_bound": "string",
                          "scaling_adjustment": "number"
                        }
                      ]
                    ]
                  }
                ]
              ],
              "target_tracking_scaling_policy_configuration": [
                "list",
                [
                  "object",
                  {
                    "customized_metric_specification": [
                      "list",
                      [
                        "object",
                        {
                          "dimensions": [
                            "set",
                            [
                              "object",
                              {
                                "name": "string",
                                "value": "string"
                              }
                            ]
                          ],
                          "metric_name": "string",
                          "metrics": [
                            "set",
                            [
                              "object",
                              {
                                "expression": "string",
                                "id": "string",
                                "label": "string",
                                "metric_stat": [
                                  "list",
                                  [
                                    "object",
                                    {
                                      "metric": [
                                        "list",
                                        [
                                          "object",
                                          {
                                            "dimensions": [
                                              "set",
                                              [
                                                "object",
                                                {
                                                  "name": "string",
                                                  "value": "string"
                                                }
                                              ]
                                            ],
                                            "metric_name": "string",
                                            "namespace": "string"
                                          }
                                        ]
                                      ],
                                      "stat": "string",
                                      "unit": "string"
                                    }
                                  ]
                                ],
                                "return_data": "bool"
                              }
                            ]
                          ],
                          "namespace": "string",
                          "statistic": "string",
                          "unit": "string"
                        }
                      ]
                    ],
                    "disable_scale_in": "bool",
                    "predefined_metric_specification": [
                      "list",
                      [
                        "object",
                        {
                          "predefined_metric_type": "string",
                          "resource_label": "string"
                        }
                      ]
                    ],
                    "scale_in_cooldown": "number",
                    "scale_out_cooldown": "number",
                    "target_value": "number"
                  }
                ]
              ]
            }
          ],
          "memory": [
            "object",
            {
              "alarm_arns": [
                "list",
                "string"
              ],
              "arn": "string",
              "id": "string",
              "name": "string",
              "policy_type": "string",
              "resource_id": "string",
              "scalable_dimension": "string",
              "service_namespace": "string",
              "step_scaling_policy_configuration": [
                "list",
                [
                  "object",
                  {
                    "adjustment_type": "string",
                    "cooldown": "number",
                    "metric_aggregation_type": "string",
                    "min_adjustment_magnitude": "number",
                    "step_adjustment": [
                      "set",
                      [
                        "object",
                        {
                          "metric_interval_lower_bound": "string",
                          "metric_interval_upper_bound": "string",
                          "scaling_adjustment": "number"
                        }
                      ]
                    ]
                  }
                ]
              ],
              "target_tracking_scaling_policy_configuration": [
                "list",
                [
                  "object",
                  {
                    "customized_metric_specification": [
                      "list",
                      [
                        "object",
                        {
                          "dimensions": [
                            "set",
                            [
                              "object",
                              {
                                "name": "string",
                                "value": "string"
                              }
                            ]
                          ],
                          "metric_name": "string",
                          "metrics": [
                            "set",
                            [
                              "object",
                              {
                                "expression": "string",
                                "id": "string",
                                "label": "string",
                                "metric_stat": [
                                  "list",
                                  [
                                    "object",
                                    {
                                      "metric": [
                                        "list",
                                        [
                                          "object",
                                          {
                                            "dimensions": [
                                              "set",
                                              [
                                                "object",
                                                {
                                                  "name": "string",
                                                  "value": "string"
                                                }
                                              ]
                                            ],
                                            "metric_name": "string",
                                            "namespace": "string"
                                          }
                                        ]
                                      ],
                                      "stat": "string",
                                      "unit": "string"
                                    }
                                  ]
                                ],
                                "return_data": "bool"
                              }
                            ]
                          ],
                          "namespace": "string",
                          "statistic": "string",
                          "unit": "string"
                        }
                      ]
                    ],
                    "disable_scale_in": "bool",
                    "predefined_metric_specification": [
                      "list",
                      [
                        "object",
                        {
                          "predefined_metric_type": "string",
                          "resource_label": "string"
                        }
                      ]
                    ],
                    "scale_in_cooldown": "number",
                    "scale_out_cooldown": "number",
                    "target_value": "number"
                  }
                ]
              ]
            }
          ]
        }
      ]
    },
    "service_autoscaling_scheduled_actions": {
      "value": {},
      "type": [
        "object",
        {}
      ]
    },
    "service_container_definitions": {
      "value": {
        "fluent-bit": {
          "cloudwatch_log_group_arn": "arn:aws:logs:ap-northeast-1:981715094000:log-group:/aws/ecs/one-ecs-service/fluent-bit",
          "cloudwatch_log_group_name": "/aws/ecs/one-ecs-service/fluent-bit",
          "container_definition": {
            "cpu": 256,
            "essential": true,
            "firelensConfiguration": {
              "type": "fluentbit"
            },
            "image": "906394416424.dkr.ecr.ap-northeast-1.amazonaws.com/aws-for-fluent-bit:2.28.5",
            "interactive": false,
            "logConfiguration": {
              "logDriver": "awslogs",
              "options": {
                "awslogs-group": "/aws/ecs/one-ecs-service/fluent-bit",
                "awslogs-region": "ap-northeast-1",
                "awslogs-stream-prefix": "ecs"
              }
            },
            "memory": 512,
            "memoryReservation": 50,
            "name": "fluent-bit",
            "privileged": false,
            "pseudoTerminal": false,
            "readonlyRootFilesystem": true,
            "startTimeout": 30,
            "stopTimeout": 120,
            "user": "0"
          }
        },
        "one-ecs": {
          "cloudwatch_log_group_arn": null,
          "cloudwatch_log_group_name": null,
          "container_definition": {
            "cpu": 256,
            "dependsOn": [
              {
                "condition": "START",
                "containerName": "fluent-bit"
              }
            ],
            "essential": true,
            "image": "981715094000.dkr.ecr.ap-northeast-1.amazonaws.com/one-ecs-ecr:b771175438a7327544653dfdefc6e9ce06556aff",
            "interactive": false,
            "logConfiguration": {
              "logDriver": "awsfirelens",
              "options": {
                "Name": "firehose",
                "delivery_stream": "my-stream",
                "log-driver-buffer-limit": "2097152",
                "region": "ap-northeast-1"
              }
            },
            "memory": 512,
            "memoryReservation": 100,
            "name": "one-ecs",
            "portMappings": [
              {
                "containerPort": 3000,
                "hostPort": 3000,
                "name": "one-ecs",
                "protocol": "tcp"
              }
            ],
            "privileged": false,
            "pseudoTerminal": false,
            "readonlyRootFilesystem": false,
            "startTimeout": 30,
            "stopTimeout": 120
          }
        }
      },
      "type": [
        "object",
        {
          "fluent-bit": [
            "object",
            {
              "cloudwatch_log_group_arn": "string",
              "cloudwatch_log_group_name": "string",
              "container_definition": [
                "object",
                {
                  "cpu": "number",
                  "essential": "bool",
                  "firelensConfiguration": [
                    "object",
                    {
                      "type": "string"
                    }
                  ],
                  "image": "string",
                  "interactive": "bool",
                  "logConfiguration": [
                    "object",
                    {
                      "logDriver": "string",
                      "options": [
                        "object",
                        {
                          "awslogs-group": "string",
                          "awslogs-region": "string",
                          "awslogs-stream-prefix": "string"
                        }
                      ]
                    }
                  ],
                  "memory": "number",
                  "memoryReservation": "number",
                  "name": "string",
                  "privileged": "bool",
                  "pseudoTerminal": "bool",
                  "readonlyRootFilesystem": "bool",
                  "startTimeout": "number",
                  "stopTimeout": "number",
                  "user": "string"
                }
              ]
            }
          ],
          "one-ecs": [
            "object",
            {
              "cloudwatch_log_group_arn": "dynamic",
              "cloudwatch_log_group_name": "dynamic",
              "container_definition": [
                "object",
                {
                  "cpu": "number",
                  "dependsOn": [
                    "list",
                    [
                      "object",
                      {
                        "condition": "string",
                        "containerName": "string"
                      }
                    ]
                  ],
                  "essential": "bool",
                  "image": "string",
                  "interactive": "bool",
                  "logConfiguration": [
                    "object",
                    {
                      "logDriver": "string",
                      "options": [
                        "object",
                        {
                          "Name": "string",
                          "delivery_stream": "string",
                          "log-driver-buffer-limit": "string",
                          "region": "string"
                        }
                      ]
                    }
                  ],
                  "memory": "number",
                  "memoryReservation": "number",
                  "name": "string",
                  "portMappings": [
                    "list",
                    [
                      "object",
                      {
                        "containerPort": "number",
                        "hostPort": "number",
                        "name": "string",
                        "protocol": "string"
                      }
                    ]
                  ],
                  "privileged": "bool",
                  "pseudoTerminal": "bool",
                  "readonlyRootFilesystem": "bool",
                  "startTimeout": "number",
                  "stopTimeout": "number"
                }
              ]
            }
          ]
        }
      ]
    },
    "service_id": {
      "value": "arn:aws:ecs:ap-northeast-1:981715094000:service/one-ecs-cluster/one-ecs-service",
      "type": "string"
    },
    "service_name": {
      "value": "one-ecs-service",
      "type": "string"
    },
    "service_task_definition_arn": {
      "value": "arn:aws:ecs:ap-northeast-1:981715094000:task-definition/one-ecs-service:5",
      "type": "string"
    },
    "service_task_definition_revision": {
      "value": 5,
      "type": "number"
    },
    "service_task_exec_iam_role_arn": {
      "value": "arn:aws:iam::981715094000:role/one-ecs-service-20230511144726556900000003",
      "type": "string"
    },
    "service_task_exec_iam_role_name": {
      "value": "one-ecs-service-20230511144726556900000003",
      "type": "string"
    },
    "service_task_exec_iam_role_unique_id": {
      "value": "AROA6JEWHRHYHLUTQ37C4",
      "type": "string"
    },
    "service_tasks_iam_role_arn": {
      "value": "arn:aws:iam::981715094000:role/one-ecs-service-20230511144726561200000004",
      "type": "string"
    },
    "service_tasks_iam_role_name": {
      "value": "one-ecs-service-20230511144726561200000004",
      "type": "string"
    },
    "service_tasks_iam_role_unique_id": {
      "value": "AROA6JEWHRHYHMO2UESCS",
      "type": "string"
    }
  },
  "resources": [
    {
      "mode": "data",
      "type": "aws_ecr_image",
      "name": "ecr_image_newest",
      "provider": "provider[\"registry.terraform.io/hashicorp/aws\"]",
      "instances": [
        {
          "schema_version": 0,
          "attributes": {
            "id": "sha256:9daad13644c35f2f197b952c6bf7141a3c7993e556b2b59163d51e070e894b8c",
            "image_digest": "sha256:9daad13644c35f2f197b952c6bf7141a3c7993e556b2b59163d51e070e894b8c",
            "image_pushed_at": 1683816392,
            "image_size_in_bytes": 447897027,
            "image_tag": null,
            "image_tags": [
              "b771175438a7327544653dfdefc6e9ce06556aff"
            ],
            "most_recent": true,
            "registry_id": "981715094000",
            "repository_name": "one-ecs-ecr"
          },
          "sensitive_attributes": []
        }
      ]
    },
    {
      "mode": "data",
      "type": "aws_ecr_repository",
      "name": "one-ecs",
      "provider": "provider[\"registry.terraform.io/hashicorp/aws\"]",
      "instances": [
        {
          "schema_version": 0,
          "attributes": {
            "arn": "arn:aws:ecr:ap-northeast-1:981715094000:repository/one-ecs-ecr",
            "encryption_configuration": [
              {
                "encryption_type": "AES256",
                "kms_key": ""
              }
            ],
            "id": "one-ecs-ecr",
            "image_scanning_configuration": [
              {
                "scan_on_push": true
              }
            ],
            "image_tag_mutability": "MUTABLE",
            "most_recent_image_tags": [],
            "name": "one-ecs-ecr",
            "registry_id": "981715094000",
            "repository_url": "981715094000.dkr.ecr.ap-northeast-1.amazonaws.com/one-ecs-ecr",
            "tags": {
              "ManagedBy": "Terraform",
              "Project": "one-ecs"
            }
          },
          "sensitive_attributes": []
        }
      ]
    },
    {
      "mode": "data",
      "type": "aws_ssm_parameter",
      "name": "fluentbit",
      "provider": "provider[\"registry.terraform.io/hashicorp/aws\"]",
      "instances": [
        {
          "schema_version": 0,
          "attributes": {
            "arn": "arn:aws:ssm:ap-northeast-1::parameter/aws/service/aws-for-fluent-bit/stable",
            "id": "/aws/service/aws-for-fluent-bit/stable",
            "name": "/aws/service/aws-for-fluent-bit/stable",
            "type": "String",
            "value": "906394416424.dkr.ecr.ap-northeast-1.amazonaws.com/aws-for-fluent-bit:2.28.5",
            "version": 13,
            "with_decryption": true
          },
          "sensitive_attributes": []
        }
      ]
    },
    {
      "mode": "managed",
      "type": "aws_service_discovery_http_namespace",
      "name": "this",
      "provider": "provider[\"registry.terraform.io/hashicorp/aws\"]",
      "instances": [
        {
          "schema_version": 0,
          "attributes": {
            "arn": "arn:aws:servicediscovery:ap-northeast-1:981715094000:namespace/ns-r7djse666p6qewjt",
            "description": "CloudMap namespace for one-ecs",
            "http_name": "one-ecs-service_discovery",
            "id": "ns-r7djse666p6qewjt",
            "name": "one-ecs-service_discovery",
            "tags": {
              "ManagedBy": "Terraform",
              "Project": "one-ecs"
            },
            "tags_all": {
              "ManagedBy": "Terraform",
              "Project": "one-ecs"
            }
          },
          "sensitive_attributes": [],
          "private": "bnVsbA=="
        }
      ]
    },
    {
      "module": "module.alb",
      "mode": "managed",
      "type": "aws_lb",
      "name": "this",
      "provider": "provider[\"registry.terraform.io/hashicorp/aws\"]",
      "instances": [
        {
          "index_key": 0,
          "schema_version": 0,
          "attributes": {
            "access_logs": [
              {
                "bucket": "",
                "enabled": false,
                "prefix": ""
              }
            ],
            "arn": "arn:aws:elasticloadbalancing:ap-northeast-1:981715094000:loadbalancer/app/one-ecs-alb/90ae3744a8ad2a52",
            "arn_suffix": "app/one-ecs-alb/90ae3744a8ad2a52",
            "customer_owned_ipv4_pool": "",
            "desync_mitigation_mode": "defensive",
            "dns_name": "one-ecs-alb-467202449.ap-northeast-1.elb.amazonaws.com",
            "drop_invalid_header_fields": false,
            "enable_cross_zone_load_balancing": true,
            "enable_deletion_protection": false,
            "enable_http2": true,
            "enable_tls_version_and_cipher_suite_headers": false,
            "enable_waf_fail_open": false,
            "enable_xff_client_port": true,
            "id": "arn:aws:elasticloadbalancing:ap-northeast-1:981715094000:loadbalancer/app/one-ecs-alb/90ae3744a8ad2a52",
            "idle_timeout": 60,
            "internal": false,
            "ip_address_type": "ipv4",
            "load_balancer_type": "application",
            "name": "one-ecs-alb",
            "name_prefix": null,
            "preserve_host_header": false,
            "security_groups": [
              "sg-02559d0e04d814e68",
              "sg-04a30cfdbce947a3e"
            ],
            "subnet_mapping": [
              {
                "allocation_id": "",
                "ipv6_address": "",
                "outpost_id": "",
                "private_ipv4_address": "",
                "subnet_id": "subnet-0a46e36270c312f63"
              },
              {
                "allocation_id": "",
                "ipv6_address": "",
                "outpost_id": "",
                "private_ipv4_address": "",
                "subnet_id": "subnet-0ca1074e2c0d07f46"
              }
            ],
            "subnets": [
              "subnet-0a46e36270c312f63",
              "subnet-0ca1074e2c0d07f46"
            ],
            "tags": {
              "ManagedBy": "Terraform",
              "Name": "one-ecs-alb",
              "Project": "one-ecs"
            },
            "tags_all": {
              "ManagedBy": "Terraform",
              "Name": "one-ecs-alb",
              "Project": "one-ecs"
            },
            "timeouts": {
              "create": "10m",
              "delete": "10m",
              "update": "10m"
            },
            "vpc_id": "vpc-0e99889953ef648e9",
            "xff_header_processing_mode": "append",
            "zone_id": "Z14GRHDCWA56QT"
          },
          "sensitive_attributes": [],
          "private": "eyJlMmJmYjczMC1lY2FhLTExZTYtOGY4OC0zNDM2M2JjN2M0YzAiOnsiY3JlYXRlIjo2MDAwMDAwMDAwMDAsImRlbGV0ZSI6NjAwMDAwMDAwMDAwLCJ1cGRhdGUiOjYwMDAwMDAwMDAwMH19",
          "dependencies": [
            "module.alb.aws_security_group.this",
            "module.alb_sg.aws_security_group.this",
            "module.alb_sg.aws_security_group.this_name_prefix",
            "module.vpc.aws_subnet.public",
            "module.vpc.aws_vpc.this",
            "module.vpc.aws_vpc_ipv4_cidr_block_association.this"
          ]
        }
      ]
    },
    {
      "module": "module.alb",
      "mode": "managed",
      "type": "aws_lb_listener",
      "name": "frontend_http_tcp",
      "provider": "provider[\"registry.terraform.io/hashicorp/aws\"]",
      "instances": [
        {
          "index_key": 0,
          "schema_version": 0,
          "attributes": {
            "alpn_policy": null,
            "arn": "arn:aws:elasticloadbalancing:ap-northeast-1:981715094000:listener/app/one-ecs-alb/90ae3744a8ad2a52/92f7915fd74617de",
            "certificate_arn": null,
            "default_action": [
              {
                "authenticate_cognito": [],
                "authenticate_oidc": [],
                "fixed_response": [],
                "forward": [],
                "order": 1,
                "redirect": [],
                "target_group_arn": "arn:aws:elasticloadbalancing:ap-northeast-1:981715094000:targetgroup/one-ecs-one-ecs/3dc319102086b3f5",
                "type": "forward"
              }
            ],
            "id": "arn:aws:elasticloadbalancing:ap-northeast-1:981715094000:listener/app/one-ecs-alb/90ae3744a8ad2a52/92f7915fd74617de",
            "load_balancer_arn": "arn:aws:elasticloadbalancing:ap-northeast-1:981715094000:loadbalancer/app/one-ecs-alb/90ae3744a8ad2a52",
            "port": 80,
            "protocol": "HTTP",
            "ssl_policy": "",
            "tags": {
              "ManagedBy": "Terraform",
              "Project": "one-ecs"
            },
            "tags_all": {
              "ManagedBy": "Terraform",
              "Project": "one-ecs"
            },
            "timeouts": null
          },
          "sensitive_attributes": [],
          "private": "eyJlMmJmYjczMC1lY2FhLTExZTYtOGY4OC0zNDM2M2JjN2M0YzAiOnsicmVhZCI6NjAwMDAwMDAwMDAwfX0=",
          "dependencies": [
            "module.alb.aws_lb.this",
            "module.alb.aws_lb_target_group.main",
            "module.alb.aws_security_group.this",
            "module.alb_sg.aws_security_group.this",
            "module.alb_sg.aws_security_group.this_name_prefix",
            "module.vpc.aws_subnet.public",
            "module.vpc.aws_vpc.this",
            "module.vpc.aws_vpc_ipv4_cidr_block_association.this"
          ]
        }
      ]
    },
    {
      "module": "module.alb",
      "mode": "managed",
      "type": "aws_lb_target_group",
      "name": "main",
      "provider": "provider[\"registry.terraform.io/hashicorp/aws\"]",
      "instances": [
        {
          "index_key": 0,
          "schema_version": 0,
          "attributes": {
            "arn": "arn:aws:elasticloadbalancing:ap-northeast-1:981715094000:targetgroup/one-ecs-one-ecs/3dc319102086b3f5",
            "arn_suffix": "targetgroup/one-ecs-one-ecs/3dc319102086b3f5",
            "connection_termination": false,
            "deregistration_delay": "300",
            "health_check": [
              {
                "enabled": true,
                "healthy_threshold": 5,
                "interval": 30,
                "matcher": "200",
                "path": "/",
                "port": "traffic-port",
                "protocol": "HTTP",
                "timeout": 5,
                "unhealthy_threshold": 2
              }
            ],
            "id": "arn:aws:elasticloadbalancing:ap-northeast-1:981715094000:targetgroup/one-ecs-one-ecs/3dc319102086b3f5",
            "ip_address_type": "ipv4",
            "lambda_multi_value_headers_enabled": false,
            "load_balancing_algorithm_type": "round_robin",
            "load_balancing_cross_zone_enabled": "use_load_balancer_configuration",
            "name": "one-ecs-one-ecs",
            "name_prefix": null,
            "port": 3000,
            "preserve_client_ip": null,
            "protocol": "HTTP",
            "protocol_version": "HTTP1",
            "proxy_protocol_v2": false,
            "slow_start": 0,
            "stickiness": [
              {
                "cookie_duration": 86400,
                "cookie_name": "",
                "enabled": false,
                "type": "lb_cookie"
              }
            ],
            "tags": {
              "ManagedBy": "Terraform",
              "Name": "one-ecs-one-ecs",
              "Project": "one-ecs"
            },
            "tags_all": {
              "ManagedBy": "Terraform",
              "Name": "one-ecs-one-ecs",
              "Project": "one-ecs"
            },
            "target_failover": [
              {
                "on_deregistration": null,
                "on_unhealthy": null
              }
            ],
            "target_type": "ip",
            "vpc_id": "vpc-0e99889953ef648e9"
          },
          "sensitive_attributes": [],
          "private": "bnVsbA==",
          "dependencies": [
            "module.vpc.aws_vpc.this"
          ],
          "create_before_destroy": true
        }
      ]
    },
    {
      "module": "module.alb",
      "mode": "managed",
      "type": "aws_security_group",
      "name": "this",
      "provider": "provider[\"registry.terraform.io/hashicorp/aws\"]",
      "instances": [
        {
          "index_key": 0,
          "schema_version": 1,
          "attributes": {
            "arn": "arn:aws:ec2:ap-northeast-1:981715094000:security-group/sg-02559d0e04d814e68",
            "description": "Managed by Terraform",
            "egress": [],
            "id": "sg-02559d0e04d814e68",
            "ingress": [],
            "name": "one-ecs-alb-20230511144739175800000006",
            "name_prefix": "one-ecs-alb-",
            "owner_id": "981715094000",
            "revoke_rules_on_delete": false,
            "tags": {
              "ManagedBy": "Terraform",
              "Name": "one-ecs-alb",
              "Project": "one-ecs"
            },
            "tags_all": {
              "ManagedBy": "Terraform",
              "Name": "one-ecs-alb",
              "Project": "one-ecs"
            },
            "timeouts": null,
            "vpc_id": "vpc-0e99889953ef648e9"
          },
          "sensitive_attributes": [],
          "private": "eyJlMmJmYjczMC1lY2FhLTExZTYtOGY4OC0zNDM2M2JjN2M0YzAiOnsiY3JlYXRlIjo2MDAwMDAwMDAwMDAsImRlbGV0ZSI6OTAwMDAwMDAwMDAwfSwic2NoZW1hX3ZlcnNpb24iOiIxIn0=",
          "dependencies": [
            "module.vpc.aws_vpc.this"
          ],
          "create_before_destroy": true
        }
      ]
    },
    {
      "module": "module.alb_sg",
      "mode": "managed",
      "type": "aws_security_group",
      "name": "this_name_prefix",
      "provider": "provider[\"registry.terraform.io/hashicorp/aws\"]",
      "instances": [
        {
          "index_key": 0,
          "schema_version": 1,
          "attributes": {
            "arn": "arn:aws:ec2:ap-northeast-1:981715094000:security-group/sg-04a30cfdbce947a3e",
            "description": "Service security group",
            "egress": [],
            "id": "sg-04a30cfdbce947a3e",
            "ingress": [],
            "name": "one-ecs-service-20230511144739181100000007",
            "name_prefix": "one-ecs-service-",
            "owner_id": "981715094000",
            "revoke_rules_on_delete": false,
            "tags": {
              "ManagedBy": "Terraform",
              "Name": "one-ecs-service",
              "Project": "one-ecs"
            },
            "tags_all": {
              "ManagedBy": "Terraform",
              "Name": "one-ecs-service",
              "Project": "one-ecs"
            },
            "timeouts": {
              "create": "10m",
              "delete": "15m"
            },
            "vpc_id": "vpc-0e99889953ef648e9"
          },
          "sensitive_attributes": [],
          "private": "eyJlMmJmYjczMC1lY2FhLTExZTYtOGY4OC0zNDM2M2JjN2M0YzAiOnsiY3JlYXRlIjo2MDAwMDAwMDAwMDAsImRlbGV0ZSI6OTAwMDAwMDAwMDAwfSwic2NoZW1hX3ZlcnNpb24iOiIxIn0=",
          "dependencies": [
            "module.vpc.aws_vpc.this"
          ],
          "create_before_destroy": true
        }
      ]
    },
    {
      "module": "module.alb_sg",
      "mode": "managed",
      "type": "aws_security_group_rule",
      "name": "egress_rules",
      "provider": "provider[\"registry.terraform.io/hashicorp/aws\"]",
      "instances": [
        {
          "index_key": 0,
          "schema_version": 2,
          "attributes": {
            "cidr_blocks": [
              "10.100.30.0/24",
              "10.100.40.0/24"
            ],
            "description": "All protocols",
            "from_port": -1,
            "id": "sgrule-448503840",
            "ipv6_cidr_blocks": [
              "::/0"
            ],
            "prefix_list_ids": [],
            "protocol": "-1",
            "security_group_id": "sg-04a30cfdbce947a3e",
            "security_group_rule_id": "",
            "self": false,
            "source_security_group_id": null,
            "timeouts": null,
            "to_port": -1,
            "type": "egress"
          },
          "sensitive_attributes": [],
          "private": "eyJlMmJmYjczMC1lY2FhLTExZTYtOGY4OC0zNDM2M2JjN2M0YzAiOnsiY3JlYXRlIjozMDAwMDAwMDAwMDB9LCJzY2hlbWFfdmVyc2lvbiI6IjIifQ==",
          "dependencies": [
            "module.alb_sg.aws_security_group.this",
            "module.alb_sg.aws_security_group.this_name_prefix",
            "module.vpc.aws_subnet.private",
            "module.vpc.aws_vpc.this",
            "module.vpc.aws_vpc_ipv4_cidr_block_association.this"
          ]
        }
      ]
    },
    {
      "module": "module.alb_sg",
      "mode": "managed",
      "type": "aws_security_group_rule",
      "name": "ingress_rules",
      "provider": "provider[\"registry.terraform.io/hashicorp/aws\"]",
      "instances": [
        {
          "index_key": 0,
          "schema_version": 2,
          "attributes": {
            "cidr_blocks": [
              "0.0.0.0/0"
            ],
            "description": "HTTP",
            "from_port": 80,
            "id": "sgrule-189487015",
            "ipv6_cidr_blocks": [],
            "prefix_list_ids": [],
            "protocol": "tcp",
            "security_group_id": "sg-04a30cfdbce947a3e",
            "security_group_rule_id": "sgr-0ed446cd31a0107c7",
            "self": false,
            "source_security_group_id": null,
            "timeouts": null,
            "to_port": 80,
            "type": "ingress"
          },
          "sensitive_attributes": [],
          "private": "eyJlMmJmYjczMC1lY2FhLTExZTYtOGY4OC0zNDM2M2JjN2M0YzAiOnsiY3JlYXRlIjozMDAwMDAwMDAwMDB9LCJzY2hlbWFfdmVyc2lvbiI6IjIifQ==",
          "dependencies": [
            "module.alb_sg.aws_security_group.this",
            "module.alb_sg.aws_security_group.this_name_prefix",
            "module.vpc.aws_vpc.this"
          ]
        }
      ]
    },
    {
      "module": "module.ecs_cluster",
      "mode": "data",
      "type": "aws_partition",
      "name": "current",
      "provider": "provider[\"registry.terraform.io/hashicorp/aws\"]",
      "instances": [
        {
          "schema_version": 0,
          "attributes": {
            "dns_suffix": "amazonaws.com",
            "id": "aws",
            "partition": "aws",
            "reverse_dns_prefix": "com.amazonaws"
          },
          "sensitive_attributes": []
        }
      ]
    },
    {
      "module": "module.ecs_cluster",
      "mode": "managed",
      "type": "aws_cloudwatch_log_group",
      "name": "this",
      "provider": "provider[\"registry.terraform.io/hashicorp/aws\"]",
      "instances": [
        {
          "index_key": 0,
          "schema_version": 0,
          "attributes": {
            "arn": "arn:aws:logs:ap-northeast-1:981715094000:log-group:/aws/ecs/one-ecs-cluster",
            "id": "/aws/ecs/one-ecs-cluster",
            "kms_key_id": "",
            "name": "/aws/ecs/one-ecs-cluster",
            "name_prefix": "",
            "retention_in_days": 90,
            "skip_destroy": false,
            "tags": {
              "ManagedBy": "Terraform",
              "Project": "one-ecs"
            },
            "tags_all": {
              "ManagedBy": "Terraform",
              "Project": "one-ecs"
            }
          },
          "sensitive_attributes": [],
          "private": "bnVsbA=="
        }
      ]
    },
    {
      "module": "module.ecs_cluster",
      "mode": "managed",
      "type": "aws_ecs_cluster",
      "name": "this",
      "provider": "provider[\"registry.terraform.io/hashicorp/aws\"]",
      "instances": [
        {
          "index_key": 0,
          "schema_version": 0,
          "attributes": {
            "arn": "arn:aws:ecs:ap-northeast-1:981715094000:cluster/one-ecs-cluster",
            "capacity_providers": [],
            "configuration": [
              {
                "execute_command_configuration": [
                  {
                    "kms_key_id": "",
                    "log_configuration": [],
                    "logging": "DEFAULT"
                  }
                ]
              }
            ],
            "default_capacity_provider_strategy": [],
            "id": "arn:aws:ecs:ap-northeast-1:981715094000:cluster/one-ecs-cluster",
            "name": "one-ecs-cluster",
            "service_connect_defaults": [],
            "setting": [
              {
                "name": "containerInsights",
                "value": "enabled"
              }
            ],
            "tags": {
              "ManagedBy": "Terraform",
              "Project": "one-ecs"
            },
            "tags_all": {
              "ManagedBy": "Terraform",
              "Project": "one-ecs"
            }
          },
          "sensitive_attributes": [],
          "private": "bnVsbA==",
          "dependencies": [
            "module.ecs_cluster.aws_cloudwatch_log_group.this"
          ]
        }
      ]
    },
    {
      "module": "module.ecs_cluster",
      "mode": "managed",
      "type": "aws_ecs_cluster_capacity_providers",
      "name": "this",
      "provider": "provider[\"registry.terraform.io/hashicorp/aws\"]",
      "instances": [
        {
          "index_key": 0,
          "schema_version": 0,
          "attributes": {
            "capacity_providers": [
              "FARGATE",
              "FARGATE_SPOT"
            ],
            "cluster_name": "one-ecs-cluster",
            "default_capacity_provider_strategy": [
              {
                "base": 0,
                "capacity_provider": "FARGATE_SPOT",
                "weight": 50
              },
              {
                "base": 2,
                "capacity_provider": "FARGATE",
                "weight": 50
              }
            ],
            "id": "one-ecs-cluster"
          },
          "sensitive_attributes": [],
          "private": "bnVsbA==",
          "dependencies": [
            "module.ecs_cluster.aws_cloudwatch_log_group.this",
            "module.ecs_cluster.aws_ecs_capacity_provider.this",
            "module.ecs_cluster.aws_ecs_cluster.this"
          ]
        }
      ]
    },
    {
      "module": "module.ecs_service",
      "mode": "data",
      "type": "aws_caller_identity",
      "name": "current",
      "provider": "provider[\"registry.terraform.io/hashicorp/aws\"]",
      "instances": [
        {
          "schema_version": 0,
          "attributes": {
            "account_id": "981715094000",
            "arn": "arn:aws:iam::981715094000:user/terraform",
            "id": "981715094000",
            "user_id": "AIDA6JEWHRHYHJMWUOLJT"
          },
          "sensitive_attributes": []
        }
      ]
    },
    {
      "module": "module.ecs_service",
      "mode": "data",
      "type": "aws_ecs_task_definition",
      "name": "this",
      "provider": "provider[\"registry.terraform.io/hashicorp/aws\"]",
      "instances": [
        {
          "index_key": 0,
          "schema_version": 0,
          "attributes": {
            "arn": "arn:aws:ecs:ap-northeast-1:981715094000:task-definition/one-ecs-service:5",
            "arn_without_revision": "arn:aws:ecs:ap-northeast-1:981715094000:task-definition/one-ecs-service",
            "execution_role_arn": "arn:aws:iam::981715094000:role/one-ecs-service-20230511144726556900000003",
            "family": "one-ecs-service",
            "id": "arn:aws:ecs:ap-northeast-1:981715094000:task-definition/one-ecs-service:5",
            "network_mode": "awsvpc",
            "revision": 5,
            "status": "ACTIVE",
            "task_definition": "one-ecs-service",
            "task_role_arn": "arn:aws:iam::981715094000:role/one-ecs-service-20230511144726561200000004"
          },
          "sensitive_attributes": []
        }
      ]
    },
    {
      "module": "module.ecs_service",
      "mode": "data",
      "type": "aws_iam_policy_document",
      "name": "task_exec",
      "provider": "provider[\"registry.terraform.io/hashicorp/aws\"]",
      "instances": [
        {
          "index_key": 0,
          "schema_version": 0,
          "attributes": {
            "id": "1415633931",
            "json": "{\n  \"Version\": \"2012-10-17\",\n  \"Statement\": [\n    {\n      \"Sid\": \"Logs\",\n      \"Effect\": \"Allow\",\n      \"Action\": [\n        \"logs:PutLogEvents\",\n        \"logs:CreateLogStream\"\n      ],\n      \"Resource\": \"*\"\n    },\n    {\n      \"Sid\": \"ECR\",\n      \"Effect\": \"Allow\",\n      \"Action\": [\n        \"ecr:GetDownloadUrlForLayer\",\n        \"ecr:GetAuthorizationToken\",\n        \"ecr:BatchGetImage\",\n        \"ecr:BatchCheckLayerAvailability\"\n      ],\n      \"Resource\": \"*\"\n    },\n    {\n      \"Sid\": \"GetSSMParams\",\n      \"Effect\": \"Allow\",\n      \"Action\": \"ssm:GetParameters\",\n      \"Resource\": \"arn:aws:ssm:*:*:parameter/*\"\n    },\n    {\n      \"Sid\": \"GetSecrets\",\n      \"Effect\": \"Allow\",\n      \"Action\": \"secretsmanager:GetSecretValue\",\n      \"Resource\": \"arn:aws:secretsmanager:*:*:secret:*\"\n    }\n  ]\n}",
            "override_json": null,
            "override_policy_documents": null,
            "policy_id": null,
            "source_json": null,
            "source_policy_documents": null,
            "statement": [
              {
                "actions": [
                  "logs:CreateLogStream",
                  "logs:PutLogEvents"
                ],
                "condition": [],
                "effect": "Allow",
                "not_actions": [],
                "not_principals": [],
                "not_resources": [],
                "principals": [],
                "resources": [
                  "*"
                ],
                "sid": "Logs"
              },
              {
                "actions": [
                  "ecr:BatchCheckLayerAvailability",
                  "ecr:BatchGetImage",
                  "ecr:GetAuthorizationToken",
                  "ecr:GetDownloadUrlForLayer"
                ],
                "condition": [],
                "effect": "Allow",
                "not_actions": [],
                "not_principals": [],
                "not_resources": [],
                "principals": [],
                "resources": [
                  "*"
                ],
                "sid": "ECR"
              },
              {
                "actions": [
                  "ssm:GetParameters"
                ],
                "condition": [],
                "effect": "Allow",
                "not_actions": [],
                "not_principals": [],
                "not_resources": [],
                "principals": [],
                "resources": [
                  "arn:aws:ssm:*:*:parameter/*"
                ],
                "sid": "GetSSMParams"
              },
              {
                "actions": [
                  "secretsmanager:GetSecretValue"
                ],
                "condition": [],
                "effect": "Allow",
                "not_actions": [],
                "not_principals": [],
                "not_resources": [],
                "principals": [],
                "resources": [
                  "arn:aws:secretsmanager:*:*:secret:*"
                ],
                "sid": "GetSecrets"
              }
            ],
            "version": "2012-10-17"
          },
          "sensitive_attributes": []
        }
      ]
    },
    {
      "module": "module.ecs_service",
      "mode": "data",
      "type": "aws_iam_policy_document",
      "name": "task_exec_assume",
      "provider": "provider[\"registry.terraform.io/hashicorp/aws\"]",
      "instances": [
        {
          "index_key": 0,
          "schema_version": 0,
          "attributes": {
            "id": "2291109037",
            "json": "{\n  \"Version\": \"2012-10-17\",\n  \"Statement\": [\n    {\n      \"Sid\": \"ECSTaskExecutionAssumeRole\",\n      \"Effect\": \"Allow\",\n      \"Action\": \"sts:AssumeRole\",\n      \"Principal\": {\n        \"Service\": \"ecs-tasks.amazonaws.com\"\n      }\n    }\n  ]\n}",
            "override_json": null,
            "override_policy_documents": null,
            "policy_id": null,
            "source_json": null,
            "source_policy_documents": null,
            "statement": [
              {
                "actions": [
                  "sts:AssumeRole"
                ],
                "condition": [],
                "effect": "Allow",
                "not_actions": [],
                "not_principals": [],
                "not_resources": [],
                "principals": [
                  {
                    "identifiers": [
                      "ecs-tasks.amazonaws.com"
                    ],
                    "type": "Service"
                  }
                ],
                "resources": [],
                "sid": "ECSTaskExecutionAssumeRole"
              }
            ],
            "version": "2012-10-17"
          },
          "sensitive_attributes": []
        }
      ]
    },
    {
      "module": "module.ecs_service",
      "mode": "data",
      "type": "aws_iam_policy_document",
      "name": "tasks_assume",
      "provider": "provider[\"registry.terraform.io/hashicorp/aws\"]",
      "instances": [
        {
          "index_key": 0,
          "schema_version": 0,
          "attributes": {
            "id": "2447274251",
            "json": "{\n  \"Version\": \"2012-10-17\",\n  \"Statement\": [\n    {\n      \"Sid\": \"ECSTasksAssumeRole\",\n      \"Effect\": \"Allow\",\n      \"Action\": \"sts:AssumeRole\",\n      \"Principal\": {\n        \"Service\": \"ecs-tasks.amazonaws.com\"\n      },\n      \"Condition\": {\n        \"ArnLike\": {\n          \"aws:SourceArn\": \"arn:aws:ecs:ap-northeast-1:981715094000:*\"\n        },\n        \"StringEquals\": {\n          \"aws:SourceAccount\": \"981715094000\"\n        }\n      }\n    }\n  ]\n}",
            "override_json": null,
            "override_policy_documents": null,
            "policy_id": null,
            "source_json": null,
            "source_policy_documents": null,
            "statement": [
              {
                "actions": [
                  "sts:AssumeRole"
                ],
                "condition": [
                  {
                    "test": "ArnLike",
                    "values": [
                      "arn:aws:ecs:ap-northeast-1:981715094000:*"
                    ],
                    "variable": "aws:SourceArn"
                  },
                  {
                    "test": "StringEquals",
                    "values": [
                      "981715094000"
                    ],
                    "variable": "aws:SourceAccount"
                  }
                ],
                "effect": "Allow",
                "not_actions": [],
                "not_principals": [],
                "not_resources": [],
                "principals": [
                  {
                    "identifiers": [
                      "ecs-tasks.amazonaws.com"
                    ],
                    "type": "Service"
                  }
                ],
                "resources": [],
                "sid": "ECSTasksAssumeRole"
              }
            ],
            "version": "2012-10-17"
          },
          "sensitive_attributes": []
        }
      ]
    },
    {
      "module": "module.ecs_service",
      "mode": "data",
      "type": "aws_partition",
      "name": "current",
      "provider": "provider[\"registry.terraform.io/hashicorp/aws\"]",
      "instances": [
        {
          "schema_version": 0,
          "attributes": {
            "dns_suffix": "amazonaws.com",
            "id": "aws",
            "partition": "aws",
            "reverse_dns_prefix": "com.amazonaws"
          },
          "sensitive_attributes": []
        }
      ]
    },
    {
      "module": "module.ecs_service",
      "mode": "data",
      "type": "aws_region",
      "name": "current",
      "provider": "provider[\"registry.terraform.io/hashicorp/aws\"]",
      "instances": [
        {
          "schema_version": 0,
          "attributes": {
            "description": "Asia Pacific (Tokyo)",
            "endpoint": "ec2.ap-northeast-1.amazonaws.com",
            "id": "ap-northeast-1",
            "name": "ap-northeast-1"
          },
          "sensitive_attributes": []
        }
      ]
    },
    {
      "module": "module.ecs_service",
      "mode": "data",
      "type": "aws_subnet",
      "name": "this",
      "provider": "provider[\"registry.terraform.io/hashicorp/aws\"]",
      "instances": [
        {
          "index_key": 0,
          "schema_version": 0,
          "attributes": {
            "arn": "arn:aws:ec2:ap-northeast-1:981715094000:subnet/subnet-0b66f3e27bd4d2565",
            "assign_ipv6_address_on_creation": false,
            "availability_zone": "ap-northeast-1a",
            "availability_zone_id": "apne1-az4",
            "available_ip_address_count": 251,
            "cidr_block": "10.100.30.0/24",
            "customer_owned_ipv4_pool": "",
            "default_for_az": false,
            "enable_dns64": false,
            "enable_lni_at_device_index": 0,
            "enable_resource_name_dns_a_record_on_launch": false,
            "enable_resource_name_dns_aaaa_record_on_launch": false,
            "filter": null,
            "id": "subnet-0b66f3e27bd4d2565",
            "ipv6_cidr_block": "",
            "ipv6_cidr_block_association_id": "",
            "ipv6_native": false,
            "map_customer_owned_ip_on_launch": false,
            "map_public_ip_on_launch": false,
            "outpost_arn": "",
            "owner_id": "981715094000",
            "private_dns_hostname_type_on_launch": "ip-name",
            "state": "available",
            "tags": {
              "ManagedBy": "Terraform",
              "Name": "one-ecs-vpc-private-ap-northeast-1a",
              "Project": "one-ecs"
            },
            "timeouts": null,
            "vpc_id": "vpc-0e99889953ef648e9"
          },
          "sensitive_attributes": []
        }
      ]
    },
    {
      "module": "module.ecs_service",
      "mode": "managed",
      "type": "aws_appautoscaling_policy",
      "name": "this",
      "provider": "provider[\"registry.terraform.io/hashicorp/aws\"]",
      "instances": [
        {
          "index_key": "cpu",
          "schema_version": 0,
          "attributes": {
            "alarm_arns": [
              "arn:aws:cloudwatch:ap-northeast-1:981715094000:alarm:TargetTracking-service/one-ecs-cluster/one-ecs-service-AlarmHigh-6217fa7d-fce6-4391-936f-c9f9ee9e6e99",
              "arn:aws:cloudwatch:ap-northeast-1:981715094000:alarm:TargetTracking-service/one-ecs-cluster/one-ecs-service-AlarmLow-8d54d175-eb4b-4f1e-89d9-661e533d90e7"
            ],
            "arn": "arn:aws:autoscaling:ap-northeast-1:981715094000:scalingPolicy:1f7c5582-ed65-402d-9dcb-847783236b49:resource/ecs/service/one-ecs-cluster/one-ecs-service:policyName/cpu",
            "id": "cpu",
            "name": "cpu",
            "policy_type": "TargetTrackingScaling",
            "resource_id": "service/one-ecs-cluster/one-ecs-service",
            "scalable_dimension": "ecs:service:DesiredCount",
            "service_namespace": "ecs",
            "step_scaling_policy_configuration": [],
            "target_tracking_scaling_policy_configuration": [
              {
                "customized_metric_specification": [],
                "disable_scale_in": false,
                "predefined_metric_specification": [
                  {
                    "predefined_metric_type": "ECSServiceAverageCPUUtilization",
                    "resource_label": ""
                  }
                ],
                "scale_in_cooldown": 300,
                "scale_out_cooldown": 60,
                "target_value": 75
              }
            ]
          },
          "sensitive_attributes": [],
          "private": "bnVsbA==",
          "dependencies": [
            "aws_service_discovery_http_namespace.this",
            "data.aws_ecr_image.ecr_image_newest",
            "data.aws_ecr_repository.one-ecs",
            "data.aws_ssm_parameter.fluentbit",
            "module.alb.aws_lb_target_group.main",
            "module.ecs_cluster.aws_cloudwatch_log_group.this",
            "module.ecs_cluster.aws_ecs_cluster.this",
            "module.ecs_service.aws_appautoscaling_target.this",
            "module.ecs_service.aws_ecs_service.ignore_task_definition",
            "module.ecs_service.aws_ecs_service.this",
            "module.ecs_service.aws_ecs_task_definition.this",
            "module.ecs_service.aws_iam_role.service",
            "module.ecs_service.aws_iam_role.task_exec",
            "module.ecs_service.aws_iam_role.tasks",
            "module.ecs_service.aws_iam_role_policy_attachment.service",
            "module.ecs_service.aws_security_group.this",
            "module.ecs_service.data.aws_ecs_task_definition.this",
            "module.ecs_service.data.aws_iam_policy_document.task_exec_assume",
            "module.ecs_service.data.aws_iam_policy_document.tasks_assume",
            "module.ecs_service.data.aws_subnet.this",
            "module.ecs_service.module.container_definition.aws_cloudwatch_log_group.this",
            "module.ecs_service.module.container_definition.data.aws_region.current",
            "module.vpc.aws_subnet.private",
            "module.vpc.aws_vpc.this",
            "module.vpc.aws_vpc_ipv4_cidr_block_association.this"
          ]
        },
        {
          "index_key": "memory",
          "schema_version": 0,
          "attributes": {
            "alarm_arns": [
              "arn:aws:cloudwatch:ap-northeast-1:981715094000:alarm:TargetTracking-service/one-ecs-cluster/one-ecs-service-AlarmHigh-c54b371b-3b28-43d6-ab89-b0779e20f7ae",
              "arn:aws:cloudwatch:ap-northeast-1:981715094000:alarm:TargetTracking-service/one-ecs-cluster/one-ecs-service-AlarmLow-8e0cbe6d-e8b0-4dc1-a0f5-676287966a18"
            ],
            "arn": "arn:aws:autoscaling:ap-northeast-1:981715094000:scalingPolicy:1f7c5582-ed65-402d-9dcb-847783236b49:resource/ecs/service/one-ecs-cluster/one-ecs-service:policyName/memory",
            "id": "memory",
            "name": "memory",
            "policy_type": "TargetTrackingScaling",
            "resource_id": "service/one-ecs-cluster/one-ecs-service",
            "scalable_dimension": "ecs:service:DesiredCount",
            "service_namespace": "ecs",
            "step_scaling_policy_configuration": [],
            "target_tracking_scaling_policy_configuration": [
              {
                "customized_metric_specification": [],
                "disable_scale_in": false,
                "predefined_metric_specification": [
                  {
                    "predefined_metric_type": "ECSServiceAverageMemoryUtilization",
                    "resource_label": ""
                  }
                ],
                "scale_in_cooldown": 300,
                "scale_out_cooldown": 60,
                "target_value": 75
              }
            ]
          },
          "sensitive_attributes": [],
          "private": "bnVsbA==",
          "dependencies": [
            "aws_service_discovery_http_namespace.this",
            "data.aws_ecr_image.ecr_image_newest",
            "data.aws_ecr_repository.one-ecs",
            "data.aws_ssm_parameter.fluentbit",
            "module.alb.aws_lb_target_group.main",
            "module.ecs_cluster.aws_cloudwatch_log_group.this",
            "module.ecs_cluster.aws_ecs_cluster.this",
            "module.ecs_service.aws_appautoscaling_target.this",
            "module.ecs_service.aws_ecs_service.ignore_task_definition",
            "module.ecs_service.aws_ecs_service.this",
            "module.ecs_service.aws_ecs_task_definition.this",
            "module.ecs_service.aws_iam_role.service",
            "module.ecs_service.aws_iam_role.task_exec",
            "module.ecs_service.aws_iam_role.tasks",
            "module.ecs_service.aws_iam_role_policy_attachment.service",
            "module.ecs_service.aws_security_group.this",
            "module.ecs_service.data.aws_ecs_task_definition.this",
            "module.ecs_service.data.aws_iam_policy_document.task_exec_assume",
            "module.ecs_service.data.aws_iam_policy_document.tasks_assume",
            "module.ecs_service.data.aws_subnet.this",
            "module.ecs_service.module.container_definition.aws_cloudwatch_log_group.this",
            "module.ecs_service.module.container_definition.data.aws_region.current",
            "module.vpc.aws_subnet.private",
            "module.vpc.aws_vpc.this",
            "module.vpc.aws_vpc_ipv4_cidr_block_association.this"
          ]
        }
      ]
    },
    {
      "module": "module.ecs_service",
      "mode": "managed",
      "type": "aws_appautoscaling_target",
      "name": "this",
      "provider": "provider[\"registry.terraform.io/hashicorp/aws\"]",
      "instances": [
        {
          "index_key": 0,
          "schema_version": 0,
          "attributes": {
            "arn": "arn:aws:application-autoscaling:ap-northeast-1:981715094000:scalable-target/0ec51f7c5582ed65402d9dcb847783236b49",
            "id": "service/one-ecs-cluster/one-ecs-service",
            "max_capacity": 10,
            "min_capacity": 1,
            "resource_id": "service/one-ecs-cluster/one-ecs-service",
            "role_arn": "arn:aws:iam::981715094000:role/aws-service-role/ecs.application-autoscaling.amazonaws.com/AWSServiceRoleForApplicationAutoScaling_ECSService",
            "scalable_dimension": "ecs:service:DesiredCount",
            "service_namespace": "ecs",
            "tags": null,
            "tags_all": {}
          },
          "sensitive_attributes": [],
          "private": "bnVsbA==",
          "dependencies": [
            "aws_service_discovery_http_namespace.this",
            "data.aws_ecr_image.ecr_image_newest",
            "data.aws_ecr_repository.one-ecs",
            "data.aws_ssm_parameter.fluentbit",
            "module.alb.aws_lb_target_group.main",
            "module.ecs_cluster.aws_cloudwatch_log_group.this",
            "module.ecs_cluster.aws_ecs_cluster.this",
            "module.ecs_service.aws_ecs_service.ignore_task_definition",
            "module.ecs_service.aws_ecs_service.this",
            "module.ecs_service.aws_ecs_task_definition.this",
            "module.ecs_service.aws_iam_role.service",
            "module.ecs_service.aws_iam_role.task_exec",
            "module.ecs_service.aws_iam_role.tasks",
            "module.ecs_service.aws_iam_role_policy_attachment.service",
            "module.ecs_service.aws_security_group.this",
            "module.ecs_service.data.aws_ecs_task_definition.this",
            "module.ecs_service.data.aws_iam_policy_document.task_exec_assume",
            "module.ecs_service.data.aws_iam_policy_document.tasks_assume",
            "module.ecs_service.data.aws_subnet.this",
            "module.ecs_service.module.container_definition.aws_cloudwatch_log_group.this",
            "module.ecs_service.module.container_definition.data.aws_region.current",
            "module.vpc.aws_subnet.private",
            "module.vpc.aws_vpc.this",
            "module.vpc.aws_vpc_ipv4_cidr_block_association.this"
          ]
        }
      ]
    },
    {
      "module": "module.ecs_service",
      "mode": "managed",
      "type": "aws_ecs_service",
      "name": "ignore_task_definition",
      "provider": "provider[\"registry.terraform.io/hashicorp/aws\"]",
      "instances": [
        {
          "index_key": 0,
          "schema_version": 0,
          "attributes": {
            "alarms": [],
            "capacity_provider_strategy": [],
            "cluster": "arn:aws:ecs:ap-northeast-1:981715094000:cluster/one-ecs-cluster",
            "deployment_circuit_breaker": [
              {
                "enable": false,
                "rollback": false
              }
            ],
            "deployment_controller": [
              {
                "type": "ECS"
              }
            ],
            "deployment_maximum_percent": 200,
            "deployment_minimum_healthy_percent": 66,
            "desired_count": 1,
            "enable_ecs_managed_tags": true,
            "enable_execute_command": false,
            "force_new_deployment": true,
            "health_check_grace_period_seconds": 0,
            "iam_role": "/aws-service-role/ecs.amazonaws.com/AWSServiceRoleForECS",
            "id": "arn:aws:ecs:ap-northeast-1:981715094000:service/one-ecs-cluster/one-ecs-service",
            "launch_type": "FARGATE",
            "load_balancer": [
              {
                "container_name": "one-ecs",
                "container_port": 3000,
                "elb_name": "",
                "target_group_arn": "arn:aws:elasticloadbalancing:ap-northeast-1:981715094000:targetgroup/one-ecs-one-ecs/3dc319102086b3f5"
              }
            ],
            "name": "one-ecs-service",
            "network_configuration": [
              {
                "assign_public_ip": false,
                "security_groups": [
                  "sg-069c9618bd8375a90"
                ],
                "subnets": [
                  "subnet-09cc840631c36f4c8",
                  "subnet-0b66f3e27bd4d2565"
                ]
              }
            ],
            "ordered_placement_strategy": [],
            "placement_constraints": [],
            "platform_version": "LATEST",
            "propagate_tags": "NONE",
            "scheduling_strategy": "REPLICA",
            "service_connect_configuration": [
              {
                "enabled": true,
                "log_configuration": [],
                "namespace": "arn:aws:servicediscovery:ap-northeast-1:981715094000:namespace/ns-r7djse666p6qewjt",
                "service": [
                  {
                    "client_alias": [
                      {
                        "dns_name": "one-ecs",
                        "port": 3000
                      }
                    ],
                    "discovery_name": "one-ecs",
                    "ingress_port_override": 0,
                    "port_name": "one-ecs"
                  }
                ]
              }
            ],
            "service_registries": [],
            "tags": {
              "ManagedBy": "Terraform",
              "Project": "one-ecs"
            },
            "tags_all": {
              "ManagedBy": "Terraform",
              "Project": "one-ecs"
            },
            "task_definition": "one-ecs-service:5",
            "timeouts": {
              "create": null,
              "delete": null,
              "update": null
            },
            "triggers": {},
            "wait_for_steady_state": false
          },
          "sensitive_attributes": [],
          "private": "eyJlMmJmYjczMC1lY2FhLTExZTYtOGY4OC0zNDM2M2JjN2M0YzAiOnsiY3JlYXRlIjoxMjAwMDAwMDAwMDAwLCJkZWxldGUiOjEyMDAwMDAwMDAwMDAsInVwZGF0ZSI6MTIwMDAwMDAwMDAwMH19",
          "dependencies": [
            "aws_service_discovery_http_namespace.this",
            "data.aws_ecr_image.ecr_image_newest",
            "data.aws_ecr_repository.one-ecs",
            "data.aws_ssm_parameter.fluentbit",
            "module.alb.aws_lb_target_group.main",
            "module.ecs_cluster.aws_cloudwatch_log_group.this",
            "module.ecs_cluster.aws_ecs_cluster.this",
            "module.ecs_service.aws_ecs_task_definition.this",
            "module.ecs_service.aws_iam_role.service",
            "module.ecs_service.aws_iam_role.task_exec",
            "module.ecs_service.aws_iam_role.tasks",
            "module.ecs_service.aws_iam_role_policy_attachment.service",
            "module.ecs_service.aws_security_group.this",
            "module.ecs_service.data.aws_ecs_task_definition.this",
            "module.ecs_service.data.aws_iam_policy_document.task_exec_assume",
            "module.ecs_service.data.aws_iam_policy_document.tasks_assume",
            "module.ecs_service.data.aws_subnet.this",
            "module.ecs_service.module.container_definition.aws_cloudwatch_log_group.this",
            "module.ecs_service.module.container_definition.data.aws_region.current",
            "module.vpc.aws_subnet.private",
            "module.vpc.aws_vpc.this",
            "module.vpc.aws_vpc_ipv4_cidr_block_association.this"
          ]
        }
      ]
    },
    {
      "module": "module.ecs_service",
      "mode": "managed",
      "type": "aws_ecs_task_definition",
      "name": "this",
      "provider": "provider[\"registry.terraform.io/hashicorp/aws\"]",
      "instances": [
        {
          "index_key": 0,
          "schema_version": 1,
          "attributes": {
            "arn": "arn:aws:ecs:ap-northeast-1:981715094000:task-definition/one-ecs-service:5",
            "arn_without_revision": "arn:aws:ecs:ap-northeast-1:981715094000:task-definition/one-ecs-service",
            "container_definitions": "[{\"cpu\":256,\"environment\":[],\"essential\":true,\"firelensConfiguration\":{\"type\":\"fluentbit\"},\"image\":\"906394416424.dkr.ecr.ap-northeast-1.amazonaws.com/aws-for-fluent-bit:2.28.5\",\"interactive\":false,\"logConfiguration\":{\"logDriver\":\"awslogs\",\"options\":{\"awslogs-group\":\"/aws/ecs/one-ecs-service/fluent-bit\",\"awslogs-region\":\"ap-northeast-1\",\"awslogs-stream-prefix\":\"ecs\"}},\"memory\":512,\"memoryReservation\":50,\"mountPoints\":[],\"name\":\"fluent-bit\",\"portMappings\":[],\"privileged\":false,\"pseudoTerminal\":false,\"readonlyRootFilesystem\":true,\"startTimeout\":30,\"stopTimeout\":120,\"user\":\"0\",\"volumesFrom\":[]},{\"cpu\":256,\"dependsOn\":[{\"condition\":\"START\",\"containerName\":\"fluent-bit\"}],\"environment\":[],\"essential\":true,\"image\":\"981715094000.dkr.ecr.ap-northeast-1.amazonaws.com/one-ecs-ecr:b771175438a7327544653dfdefc6e9ce06556aff\",\"interactive\":false,\"logConfiguration\":{\"logDriver\":\"awsfirelens\",\"options\":{\"Name\":\"firehose\",\"delivery_stream\":\"my-stream\",\"log-driver-buffer-limit\":\"2097152\",\"region\":\"ap-northeast-1\"}},\"memory\":512,\"memoryReservation\":100,\"mountPoints\":[],\"name\":\"one-ecs\",\"portMappings\":[{\"containerPort\":3000,\"hostPort\":3000,\"name\":\"one-ecs\",\"protocol\":\"tcp\"}],\"privileged\":false,\"pseudoTerminal\":false,\"readonlyRootFilesystem\":false,\"startTimeout\":30,\"stopTimeout\":120,\"volumesFrom\":[]}]",
            "cpu": "1024",
            "ephemeral_storage": [],
            "execution_role_arn": "arn:aws:iam::981715094000:role/one-ecs-service-20230511144726556900000003",
            "family": "one-ecs-service",
            "id": "one-ecs-service",
            "inference_accelerator": [],
            "ipc_mode": "",
            "memory": "2048",
            "network_mode": "awsvpc",
            "pid_mode": "",
            "placement_constraints": [],
            "proxy_configuration": [],
            "requires_compatibilities": [
              "FARGATE"
            ],
            "revision": 5,
            "runtime_platform": [
              {
                "cpu_architecture": "X86_64",
                "operating_system_family": "LINUX"
              }
            ],
            "skip_destroy": false,
            "tags": {
              "ManagedBy": "Terraform",
              "Project": "one-ecs"
            },
            "tags_all": {
              "ManagedBy": "Terraform",
              "Project": "one-ecs"
            },
            "task_role_arn": "arn:aws:iam::981715094000:role/one-ecs-service-20230511144726561200000004",
            "volume": []
          },
          "sensitive_attributes": [],
          "private": "eyJzY2hlbWFfdmVyc2lvbiI6IjEifQ==",
          "dependencies": [
            "data.aws_ecr_image.ecr_image_newest",
            "data.aws_ecr_repository.one-ecs",
            "data.aws_ssm_parameter.fluentbit",
            "module.ecs_service.aws_iam_role.task_exec",
            "module.ecs_service.aws_iam_role.tasks",
            "module.ecs_service.data.aws_iam_policy_document.task_exec_assume",
            "module.ecs_service.data.aws_iam_policy_document.tasks_assume",
            "module.ecs_service.module.container_definition.aws_cloudwatch_log_group.this",
            "module.ecs_service.module.container_definition.data.aws_region.current"
          ],
          "create_before_destroy": true
        }
      ]
    },
    {
      "module": "module.ecs_service",
      "mode": "managed",
      "type": "aws_iam_policy",
      "name": "task_exec",
      "provider": "provider[\"registry.terraform.io/hashicorp/aws\"]",
      "instances": [
        {
          "index_key": 0,
          "schema_version": 0,
          "attributes": {
            "arn": "arn:aws:iam::981715094000:policy/one-ecs-service-20230511144726555300000002",
            "description": "Task execution role IAM policy",
            "id": "arn:aws:iam::981715094000:policy/one-ecs-service-20230511144726555300000002",
            "name": "one-ecs-service-20230511144726555300000002",
            "name_prefix": "one-ecs-service-",
            "path": "/",
            "policy": "{\"Statement\":[{\"Action\":[\"logs:PutLogEvents\",\"logs:CreateLogStream\"],\"Effect\":\"Allow\",\"Resource\":\"*\",\"Sid\":\"Logs\"},{\"Action\":[\"ecr:GetDownloadUrlForLayer\",\"ecr:GetAuthorizationToken\",\"ecr:BatchGetImage\",\"ecr:BatchCheckLayerAvailability\"],\"Effect\":\"Allow\",\"Resource\":\"*\",\"Sid\":\"ECR\"},{\"Action\":\"ssm:GetParameters\",\"Effect\":\"Allow\",\"Resource\":\"arn:aws:ssm:*:*:parameter/*\",\"Sid\":\"GetSSMParams\"},{\"Action\":\"secretsmanager:GetSecretValue\",\"Effect\":\"Allow\",\"Resource\":\"arn:aws:secretsmanager:*:*:secret:*\",\"Sid\":\"GetSecrets\"}],\"Version\":\"2012-10-17\"}",
            "policy_id": "ANPA6JEWHRHYAZQ57XDZ3",
            "tags": {
              "ManagedBy": "Terraform",
              "Project": "one-ecs"
            },
            "tags_all": {
              "ManagedBy": "Terraform",
              "Project": "one-ecs"
            }
          },
          "sensitive_attributes": [],
          "private": "bnVsbA==",
          "dependencies": [
            "module.ecs_service.data.aws_iam_policy_document.task_exec"
          ]
        }
      ]
    },
    {
      "module": "module.ecs_service",
      "mode": "managed",
      "type": "aws_iam_role",
      "name": "task_exec",
      "provider": "provider[\"registry.terraform.io/hashicorp/aws\"]",
      "instances": [
        {
          "index_key": 0,
          "schema_version": 0,
          "attributes": {
            "arn": "arn:aws:iam::981715094000:role/one-ecs-service-20230511144726556900000003",
            "assume_role_policy": "{\"Statement\":[{\"Action\":\"sts:AssumeRole\",\"Effect\":\"Allow\",\"Principal\":{\"Service\":\"ecs-tasks.amazonaws.com\"},\"Sid\":\"ECSTaskExecutionAssumeRole\"}],\"Version\":\"2012-10-17\"}",
            "create_date": "2023-05-11T14:47:27Z",
            "description": "Task execution role for one-ecs-service",
            "force_detach_policies": true,
            "id": "one-ecs-service-20230511144726556900000003",
            "inline_policy": [],
            "managed_policy_arns": [],
            "max_session_duration": 3600,
            "name": "one-ecs-service-20230511144726556900000003",
            "name_prefix": "one-ecs-service-",
            "path": "/",
            "permissions_boundary": null,
            "role_last_used": [
              {
                "last_used_date": "",
                "region": ""
              }
            ],
            "tags": {
              "ManagedBy": "Terraform",
              "Project": "one-ecs"
            },
            "tags_all": {
              "ManagedBy": "Terraform",
              "Project": "one-ecs"
            },
            "unique_id": "AROA6JEWHRHYHLUTQ37C4"
          },
          "sensitive_attributes": [],
          "private": "bnVsbA==",
          "dependencies": [
            "module.ecs_service.data.aws_iam_policy_document.task_exec_assume"
          ],
          "create_before_destroy": true
        }
      ]
    },
    {
      "module": "module.ecs_service",
      "mode": "managed",
      "type": "aws_iam_role",
      "name": "tasks",
      "provider": "provider[\"registry.terraform.io/hashicorp/aws\"]",
      "instances": [
        {
          "index_key": 0,
          "schema_version": 0,
          "attributes": {
            "arn": "arn:aws:iam::981715094000:role/one-ecs-service-20230511144726561200000004",
            "assume_role_policy": "{\"Statement\":[{\"Action\":\"sts:AssumeRole\",\"Condition\":{\"ArnLike\":{\"aws:SourceArn\":\"arn:aws:ecs:ap-northeast-1:981715094000:*\"},\"StringEquals\":{\"aws:SourceAccount\":\"981715094000\"}},\"Effect\":\"Allow\",\"Principal\":{\"Service\":\"ecs-tasks.amazonaws.com\"},\"Sid\":\"ECSTasksAssumeRole\"}],\"Version\":\"2012-10-17\"}",
            "create_date": "2023-05-11T14:47:27Z",
            "description": "",
            "force_detach_policies": true,
            "id": "one-ecs-service-20230511144726561200000004",
            "inline_policy": [],
            "managed_policy_arns": [],
            "max_session_duration": 3600,
            "name": "one-ecs-service-20230511144726561200000004",
            "name_prefix": "one-ecs-service-",
            "path": "/",
            "permissions_boundary": null,
            "role_last_used": [
              {
                "last_used_date": "",
                "region": ""
              }
            ],
            "tags": {
              "ManagedBy": "Terraform",
              "Project": "one-ecs"
            },
            "tags_all": {
              "ManagedBy": "Terraform",
              "Project": "one-ecs"
            },
            "unique_id": "AROA6JEWHRHYHMO2UESCS"
          },
          "sensitive_attributes": [],
          "private": "bnVsbA==",
          "dependencies": [
            "module.ecs_service.data.aws_iam_policy_document.tasks_assume"
          ],
          "create_before_destroy": true
        }
      ]
    },
    {
      "module": "module.ecs_service",
      "mode": "managed",
      "type": "aws_iam_role_policy_attachment",
      "name": "task_exec",
      "provider": "provider[\"registry.terraform.io/hashicorp/aws\"]",
      "instances": [
        {
          "index_key": 0,
          "schema_version": 0,
          "attributes": {
            "id": "one-ecs-service-20230511144726556900000003-20230511144728869700000005",
            "policy_arn": "arn:aws:iam::981715094000:policy/one-ecs-service-20230511144726555300000002",
            "role": "one-ecs-service-20230511144726556900000003"
          },
          "sensitive_attributes": [],
          "private": "bnVsbA==",
          "dependencies": [
            "module.ecs_service.aws_iam_policy.task_exec",
            "module.ecs_service.aws_iam_role.task_exec",
            "module.ecs_service.data.aws_iam_policy_document.task_exec",
            "module.ecs_service.data.aws_iam_policy_document.task_exec_assume"
          ]
        }
      ]
    },
    {
      "module": "module.ecs_service",
      "mode": "managed",
      "type": "aws_security_group",
      "name": "this",
      "provider": "provider[\"registry.terraform.io/hashicorp/aws\"]",
      "instances": [
        {
          "index_key": 0,
          "schema_version": 1,
          "attributes": {
            "arn": "arn:aws:ec2:ap-northeast-1:981715094000:security-group/sg-069c9618bd8375a90",
            "description": "Managed by Terraform",
            "egress": [],
            "id": "sg-069c9618bd8375a90",
            "ingress": [],
            "name": "one-ecs-service-20230511144741691300000009",
            "name_prefix": "one-ecs-service-",
            "owner_id": "981715094000",
            "revoke_rules_on_delete": false,
            "tags": {
              "ManagedBy": "Terraform",
              "Project": "one-ecs"
            },
            "tags_all": {
              "ManagedBy": "Terraform",
              "Project": "one-ecs"
            },
            "timeouts": null,
            "vpc_id": "vpc-0e99889953ef648e9"
          },
          "sensitive_attributes": [],
          "private": "eyJlMmJmYjczMC1lY2FhLTExZTYtOGY4OC0zNDM2M2JjN2M0YzAiOnsiY3JlYXRlIjo2MDAwMDAwMDAwMDAsImRlbGV0ZSI6OTAwMDAwMDAwMDAwfSwic2NoZW1hX3ZlcnNpb24iOiIxIn0=",
          "dependencies": [
            "module.ecs_service.data.aws_subnet.this",
            "module.vpc.aws_subnet.private",
            "module.vpc.aws_vpc.this",
            "module.vpc.aws_vpc_ipv4_cidr_block_association.this"
          ],
          "create_before_destroy": true
        }
      ]
    },
    {
      "module": "module.ecs_service",
      "mode": "managed",
      "type": "aws_security_group_rule",
      "name": "this",
      "provider": "provider[\"registry.terraform.io/hashicorp/aws\"]",
      "instances": [
        {
          "index_key": "alb_ingress_3000",
          "schema_version": 2,
          "attributes": {
            "cidr_blocks": null,
            "description": "Service port",
            "from_port": 3000,
            "id": "sgrule-3613840045",
            "ipv6_cidr_blocks": null,
            "prefix_list_ids": null,
            "protocol": "tcp",
            "security_group_id": "sg-069c9618bd8375a90",
            "security_group_rule_id": "sgr-04c3712de34dca095",
            "self": false,
            "source_security_group_id": "sg-04a30cfdbce947a3e",
            "timeouts": null,
            "to_port": 3000,
            "type": "ingress"
          },
          "sensitive_attributes": [],
          "private": "eyJlMmJmYjczMC1lY2FhLTExZTYtOGY4OC0zNDM2M2JjN2M0YzAiOnsiY3JlYXRlIjozMDAwMDAwMDAwMDB9LCJzY2hlbWFfdmVyc2lvbiI6IjIifQ==",
          "dependencies": [
            "module.alb_sg.aws_security_group.this",
            "module.alb_sg.aws_security_group.this_name_prefix",
            "module.ecs_service.aws_security_group.this",
            "module.ecs_service.data.aws_subnet.this",
            "module.vpc.aws_subnet.private",
            "module.vpc.aws_vpc.this",
            "module.vpc.aws_vpc_ipv4_cidr_block_association.this"
          ]
        },
        {
          "index_key": "egress_all",
          "schema_version": 2,
          "attributes": {
            "cidr_blocks": [
              "0.0.0.0/0"
            ],
            "description": null,
            "from_port": 0,
            "id": "sgrule-978513264",
            "ipv6_cidr_blocks": null,
            "prefix_list_ids": null,
            "protocol": "-1",
            "security_group_id": "sg-069c9618bd8375a90",
            "security_group_rule_id": "sgr-080fd8d0aa02298db",
            "self": false,
            "source_security_group_id": null,
            "timeouts": null,
            "to_port": 0,
            "type": "egress"
          },
          "sensitive_attributes": [],
          "private": "eyJlMmJmYjczMC1lY2FhLTExZTYtOGY4OC0zNDM2M2JjN2M0YzAiOnsiY3JlYXRlIjozMDAwMDAwMDAwMDB9LCJzY2hlbWFfdmVyc2lvbiI6IjIifQ==",
          "dependencies": [
            "module.alb_sg.aws_security_group.this",
            "module.alb_sg.aws_security_group.this_name_prefix",
            "module.ecs_service.aws_security_group.this",
            "module.ecs_service.data.aws_subnet.this",
            "module.vpc.aws_subnet.private",
            "module.vpc.aws_vpc.this",
            "module.vpc.aws_vpc_ipv4_cidr_block_association.this"
          ]
        }
      ]
    },
    {
      "module": "module.ecs_service.module.container_definition[\"fluent-bit\"]",
      "mode": "data",
      "type": "aws_region",
      "name": "current",
      "provider": "provider[\"registry.terraform.io/hashicorp/aws\"]",
      "instances": [
        {
          "schema_version": 0,
          "attributes": {
            "description": "Asia Pacific (Tokyo)",
            "endpoint": "ec2.ap-northeast-1.amazonaws.com",
            "id": "ap-northeast-1",
            "name": "ap-northeast-1"
          },
          "sensitive_attributes": []
        }
      ]
    },
    {
      "module": "module.ecs_service.module.container_definition[\"fluent-bit\"]",
      "mode": "managed",
      "type": "aws_cloudwatch_log_group",
      "name": "this",
      "provider": "provider[\"registry.terraform.io/hashicorp/aws\"]",
      "instances": [
        {
          "index_key": 0,
          "schema_version": 0,
          "attributes": {
            "arn": "arn:aws:logs:ap-northeast-1:981715094000:log-group:/aws/ecs/one-ecs-service/fluent-bit",
            "id": "/aws/ecs/one-ecs-service/fluent-bit",
            "kms_key_id": "",
            "name": "/aws/ecs/one-ecs-service/fluent-bit",
            "name_prefix": "",
            "retention_in_days": 14,
            "skip_destroy": false,
            "tags": {
              "ManagedBy": "Terraform",
              "Project": "one-ecs"
            },
            "tags_all": {
              "ManagedBy": "Terraform",
              "Project": "one-ecs"
            }
          },
          "sensitive_attributes": [],
          "private": "bnVsbA==",
          "dependencies": [
            "data.aws_ecr_image.ecr_image_newest",
            "data.aws_ecr_repository.one-ecs",
            "data.aws_ssm_parameter.fluentbit"
          ],
          "create_before_destroy": true
        }
      ]
    },
    {
      "module": "module.ecs_service.module.container_definition[\"one-ecs\"]",
      "mode": "data",
      "type": "aws_region",
      "name": "current",
      "provider": "provider[\"registry.terraform.io/hashicorp/aws\"]",
      "instances": [
        {
          "schema_version": 0,
          "attributes": {
            "description": "Asia Pacific (Tokyo)",
            "endpoint": "ec2.ap-northeast-1.amazonaws.com",
            "id": "ap-northeast-1",
            "name": "ap-northeast-1"
          },
          "sensitive_attributes": []
        }
      ]
    },
    {
      "module": "module.vpc",
      "mode": "managed",
      "type": "aws_default_network_acl",
      "name": "this",
      "provider": "provider[\"registry.terraform.io/hashicorp/aws\"]",
      "instances": [
        {
          "index_key": 0,
          "schema_version": 0,
          "attributes": {
            "arn": "arn:aws:ec2:ap-northeast-1:981715094000:network-acl/acl-06677c1ebb31b720d",
            "default_network_acl_id": "acl-06677c1ebb31b720d",
            "egress": [
              {
                "action": "allow",
                "cidr_block": "",
                "from_port": 0,
                "icmp_code": null,
                "icmp_type": null,
                "ipv6_cidr_block": "::/0",
                "protocol": "-1",
                "rule_no": 101,
                "to_port": 0
              },
              {
                "action": "allow",
                "cidr_block": "0.0.0.0/0",
                "from_port": 0,
                "icmp_code": null,
                "icmp_type": null,
                "ipv6_cidr_block": "",
                "protocol": "-1",
                "rule_no": 100,
                "to_port": 0
              }
            ],
            "id": "acl-06677c1ebb31b720d",
            "ingress": [
              {
                "action": "allow",
                "cidr_block": "",
                "from_port": 0,
                "icmp_code": null,
                "icmp_type": null,
                "ipv6_cidr_block": "::/0",
                "protocol": "-1",
                "rule_no": 101,
                "to_port": 0
              },
              {
                "action": "allow",
                "cidr_block": "0.0.0.0/0",
                "from_port": 0,
                "icmp_code": null,
                "icmp_type": null,
                "ipv6_cidr_block": "",
                "protocol": "-1",
                "rule_no": 100,
                "to_port": 0
              }
            ],
            "owner_id": "981715094000",
            "subnet_ids": [
              "subnet-09cc840631c36f4c8",
              "subnet-0a46e36270c312f63",
              "subnet-0b66f3e27bd4d2565",
              "subnet-0ca1074e2c0d07f46"
            ],
            "tags": {
              "ManagedBy": "Terraform",
              "Name": "one-ecs-vpc-default",
              "Project": "one-ecs"
            },
            "tags_all": {
              "ManagedBy": "Terraform",
              "Name": "one-ecs-vpc-default",
              "Project": "one-ecs"
            },
            "vpc_id": "vpc-0e99889953ef648e9"
          },
          "sensitive_attributes": [],
          "private": "bnVsbA==",
          "dependencies": [
            "module.vpc.aws_vpc.this"
          ]
        }
      ]
    },
    {
      "module": "module.vpc",
      "mode": "managed",
      "type": "aws_default_route_table",
      "name": "default",
      "provider": "provider[\"registry.terraform.io/hashicorp/aws\"]",
      "instances": [
        {
          "index_key": 0,
          "schema_version": 0,
          "attributes": {
            "arn": "arn:aws:ec2:ap-northeast-1:981715094000:route-table/rtb-0b4346bb1c8dd1b39",
            "default_route_table_id": "rtb-0b4346bb1c8dd1b39",
            "id": "rtb-0b4346bb1c8dd1b39",
            "owner_id": "981715094000",
            "propagating_vgws": null,
            "route": [],
            "tags": {
              "ManagedBy": "Terraform",
              "Name": "one-ecs-vpc-default",
              "Project": "one-ecs"
            },
            "tags_all": {
              "ManagedBy": "Terraform",
              "Name": "one-ecs-vpc-default",
              "Project": "one-ecs"
            },
            "timeouts": {
              "create": "5m",
              "update": "5m"
            },
            "vpc_id": "vpc-0e99889953ef648e9"
          },
          "sensitive_attributes": [],
          "private": "eyJlMmJmYjczMC1lY2FhLTExZTYtOGY4OC0zNDM2M2JjN2M0YzAiOnsiY3JlYXRlIjozMDAwMDAwMDAwMDAsInVwZGF0ZSI6MzAwMDAwMDAwMDAwfX0=",
          "dependencies": [
            "module.vpc.aws_vpc.this"
          ]
        }
      ]
    },
    {
      "module": "module.vpc",
      "mode": "managed",
      "type": "aws_default_security_group",
      "name": "this",
      "provider": "provider[\"registry.terraform.io/hashicorp/aws\"]",
      "instances": [
        {
          "index_key": 0,
          "schema_version": 1,
          "attributes": {
            "arn": "arn:aws:ec2:ap-northeast-1:981715094000:security-group/sg-0c651f2180de7bdc5",
            "description": "default VPC security group",
            "egress": [],
            "id": "sg-0c651f2180de7bdc5",
            "ingress": [],
            "name": "default",
            "name_prefix": "",
            "owner_id": "981715094000",
            "revoke_rules_on_delete": false,
            "tags": {
              "ManagedBy": "Terraform",
              "Name": "one-ecs-vpc-default",
              "Project": "one-ecs"
            },
            "tags_all": {
              "ManagedBy": "Terraform",
              "Name": "one-ecs-vpc-default",
              "Project": "one-ecs"
            },
            "vpc_id": "vpc-0e99889953ef648e9"
          },
          "sensitive_attributes": [],
          "private": "eyJzY2hlbWFfdmVyc2lvbiI6IjEifQ==",
          "dependencies": [
            "module.vpc.aws_vpc.this"
          ]
        }
      ]
    },
    {
      "module": "module.vpc",
      "mode": "managed",
      "type": "aws_eip",
      "name": "nat",
      "provider": "provider[\"registry.terraform.io/hashicorp/aws\"]",
      "instances": [
        {
          "index_key": 0,
          "schema_version": 0,
          "attributes": {
            "address": null,
            "allocation_id": "eipalloc-0b70f1b910d9bc8de",
            "associate_with_private_ip": null,
            "association_id": "",
            "carrier_ip": "",
            "customer_owned_ip": "",
            "customer_owned_ipv4_pool": "",
            "domain": "vpc",
            "id": "eipalloc-0b70f1b910d9bc8de",
            "instance": "",
            "network_border_group": "ap-northeast-1",
            "network_interface": "",
            "private_dns": null,
            "private_ip": "",
            "public_dns": "ec2-35-75-77-192.ap-northeast-1.compute.amazonaws.com",
            "public_ip": "35.75.77.192",
            "public_ipv4_pool": "amazon",
            "tags": {
              "ManagedBy": "Terraform",
              "Name": "one-ecs-vpc-ap-northeast-1a",
              "Project": "one-ecs"
            },
            "tags_all": {
              "ManagedBy": "Terraform",
              "Name": "one-ecs-vpc-ap-northeast-1a",
              "Project": "one-ecs"
            },
            "timeouts": null,
            "vpc": true
          },
          "sensitive_attributes": [],
          "private": "eyJlMmJmYjczMC1lY2FhLTExZTYtOGY4OC0zNDM2M2JjN2M0YzAiOnsiZGVsZXRlIjoxODAwMDAwMDAwMDAsInJlYWQiOjkwMDAwMDAwMDAwMCwidXBkYXRlIjozMDAwMDAwMDAwMDB9fQ=="
        }
      ]
    },
    {
      "module": "module.vpc",
      "mode": "managed",
      "type": "aws_internet_gateway",
      "name": "this",
      "provider": "provider[\"registry.terraform.io/hashicorp/aws\"]",
      "instances": [
        {
          "index_key": 0,
          "schema_version": 0,
          "attributes": {
            "arn": "arn:aws:ec2:ap-northeast-1:981715094000:internet-gateway/igw-0a3749be5182285ee",
            "id": "igw-0a3749be5182285ee",
            "owner_id": "981715094000",
            "tags": {
              "ManagedBy": "Terraform",
              "Name": "one-ecs-vpc",
              "Project": "one-ecs"
            },
            "tags_all": {
              "ManagedBy": "Terraform",
              "Name": "one-ecs-vpc",
              "Project": "one-ecs"
            },
            "timeouts": null,
            "vpc_id": "vpc-0e99889953ef648e9"
          },
          "sensitive_attributes": [],
          "private": "eyJlMmJmYjczMC1lY2FhLTExZTYtOGY4OC0zNDM2M2JjN2M0YzAiOnsiY3JlYXRlIjoxMjAwMDAwMDAwMDAwLCJkZWxldGUiOjEyMDAwMDAwMDAwMDAsInVwZGF0ZSI6MTIwMDAwMDAwMDAwMH19",
          "dependencies": [
            "module.vpc.aws_vpc.this",
            "module.vpc.aws_vpc_ipv4_cidr_block_association.this"
          ]
        }
      ]
    },
    {
      "module": "module.vpc",
      "mode": "managed",
      "type": "aws_nat_gateway",
      "name": "this",
      "provider": "provider[\"registry.terraform.io/hashicorp/aws\"]",
      "instances": [
        {
          "index_key": 0,
          "schema_version": 0,
          "attributes": {
            "allocation_id": "eipalloc-0b70f1b910d9bc8de",
            "association_id": "eipassoc-01cbd5b7ae11617b7",
            "connectivity_type": "public",
            "id": "nat-0ebe8ee6c7e38231f",
            "network_interface_id": "eni-0721056ec7a5d9e03",
            "private_ip": "10.100.10.95",
            "public_ip": "35.75.77.192",
            "subnet_id": "subnet-0ca1074e2c0d07f46",
            "tags": {
              "ManagedBy": "Terraform",
              "Name": "one-ecs-vpc-ap-northeast-1a",
              "Project": "one-ecs"
            },
            "tags_all": {
              "ManagedBy": "Terraform",
              "Name": "one-ecs-vpc-ap-northeast-1a",
              "Project": "one-ecs"
            }
          },
          "sensitive_attributes": [],
          "private": "bnVsbA==",
          "dependencies": [
            "module.vpc.aws_eip.nat",
            "module.vpc.aws_internet_gateway.this",
            "module.vpc.aws_subnet.public",
            "module.vpc.aws_vpc.this",
            "module.vpc.aws_vpc_ipv4_cidr_block_association.this"
          ]
        }
      ]
    },
    {
      "module": "module.vpc",
      "mode": "managed",
      "type": "aws_route",
      "name": "private_nat_gateway",
      "provider": "provider[\"registry.terraform.io/hashicorp/aws\"]",
      "instances": [
        {
          "index_key": 0,
          "schema_version": 0,
          "attributes": {
            "carrier_gateway_id": "",
            "core_network_arn": "",
            "destination_cidr_block": "0.0.0.0/0",
            "destination_ipv6_cidr_block": "",
            "destination_prefix_list_id": "",
            "egress_only_gateway_id": "",
            "gateway_id": "",
            "id": "r-rtb-063ea8e24696e52b01080289494",
            "instance_id": "",
            "instance_owner_id": "",
            "local_gateway_id": "",
            "nat_gateway_id": "nat-0ebe8ee6c7e38231f",
            "network_interface_id": "",
            "origin": "CreateRoute",
            "route_table_id": "rtb-063ea8e24696e52b0",
            "state": "active",
            "timeouts": {
              "create": "5m",
              "delete": null,
              "update": null
            },
            "transit_gateway_id": "",
            "vpc_endpoint_id": "",
            "vpc_peering_connection_id": ""
          },
          "sensitive_attributes": [],
          "private": "eyJlMmJmYjczMC1lY2FhLTExZTYtOGY4OC0zNDM2M2JjN2M0YzAiOnsiY3JlYXRlIjozMDAwMDAwMDAwMDAsImRlbGV0ZSI6MzAwMDAwMDAwMDAwLCJ1cGRhdGUiOjEyMDAwMDAwMDAwMH19",
          "dependencies": [
            "module.vpc.aws_eip.nat",
            "module.vpc.aws_internet_gateway.this",
            "module.vpc.aws_nat_gateway.this",
            "module.vpc.aws_route_table.private",
            "module.vpc.aws_subnet.public",
            "module.vpc.aws_vpc.this",
            "module.vpc.aws_vpc_ipv4_cidr_block_association.this"
          ]
        }
      ]
    },
    {
      "module": "module.vpc",
      "mode": "managed",
      "type": "aws_route",
      "name": "public_internet_gateway",
      "provider": "provider[\"registry.terraform.io/hashicorp/aws\"]",
      "instances": [
        {
          "index_key": 0,
          "schema_version": 0,
          "attributes": {
            "carrier_gateway_id": "",
            "core_network_arn": "",
            "destination_cidr_block": "0.0.0.0/0",
            "destination_ipv6_cidr_block": "",
            "destination_prefix_list_id": "",
            "egress_only_gateway_id": "",
            "gateway_id": "igw-0a3749be5182285ee",
            "id": "r-rtb-03d67bfef4fd0c55c1080289494",
            "instance_id": "",
            "instance_owner_id": "",
            "local_gateway_id": "",
            "nat_gateway_id": "",
            "network_interface_id": "",
            "origin": "CreateRoute",
            "route_table_id": "rtb-03d67bfef4fd0c55c",
            "state": "active",
            "timeouts": {
              "create": "5m",
              "delete": null,
              "update": null
            },
            "transit_gateway_id": "",
            "vpc_endpoint_id": "",
            "vpc_peering_connection_id": ""
          },
          "sensitive_attributes": [],
          "private": "eyJlMmJmYjczMC1lY2FhLTExZTYtOGY4OC0zNDM2M2JjN2M0YzAiOnsiY3JlYXRlIjozMDAwMDAwMDAwMDAsImRlbGV0ZSI6MzAwMDAwMDAwMDAwLCJ1cGRhdGUiOjEyMDAwMDAwMDAwMH19",
          "dependencies": [
            "module.vpc.aws_internet_gateway.this",
            "module.vpc.aws_route_table.public",
            "module.vpc.aws_vpc.this",
            "module.vpc.aws_vpc_ipv4_cidr_block_association.this"
          ]
        }
      ]
    },
    {
      "module": "module.vpc",
      "mode": "managed",
      "type": "aws_route_table",
      "name": "private",
      "provider": "provider[\"registry.terraform.io/hashicorp/aws\"]",
      "instances": [
        {
          "index_key": 0,
          "schema_version": 0,
          "attributes": {
            "arn": "arn:aws:ec2:ap-northeast-1:981715094000:route-table/rtb-063ea8e24696e52b0",
            "id": "rtb-063ea8e24696e52b0",
            "owner_id": "981715094000",
            "propagating_vgws": [],
            "route": [],
            "tags": {
              "ManagedBy": "Terraform",
              "Name": "one-ecs-vpc-private",
              "Project": "one-ecs"
            },
            "tags_all": {
              "ManagedBy": "Terraform",
              "Name": "one-ecs-vpc-private",
              "Project": "one-ecs"
            },
            "timeouts": null,
            "vpc_id": "vpc-0e99889953ef648e9"
          },
          "sensitive_attributes": [],
          "private": "eyJlMmJmYjczMC1lY2FhLTExZTYtOGY4OC0zNDM2M2JjN2M0YzAiOnsiY3JlYXRlIjozMDAwMDAwMDAwMDAsImRlbGV0ZSI6MzAwMDAwMDAwMDAwLCJ1cGRhdGUiOjEyMDAwMDAwMDAwMH19",
          "dependencies": [
            "module.vpc.aws_vpc.this",
            "module.vpc.aws_vpc_ipv4_cidr_block_association.this"
          ]
        }
      ]
    },
    {
      "module": "module.vpc",
      "mode": "managed",
      "type": "aws_route_table",
      "name": "public",
      "provider": "provider[\"registry.terraform.io/hashicorp/aws\"]",
      "instances": [
        {
          "index_key": 0,
          "schema_version": 0,
          "attributes": {
            "arn": "arn:aws:ec2:ap-northeast-1:981715094000:route-table/rtb-03d67bfef4fd0c55c",
            "id": "rtb-03d67bfef4fd0c55c",
            "owner_id": "981715094000",
            "propagating_vgws": [],
            "route": [],
            "tags": {
              "ManagedBy": "Terraform",
              "Name": "one-ecs-vpc-public",
              "Project": "one-ecs"
            },
            "tags_all": {
              "ManagedBy": "Terraform",
              "Name": "one-ecs-vpc-public",
              "Project": "one-ecs"
            },
            "timeouts": null,
            "vpc_id": "vpc-0e99889953ef648e9"
          },
          "sensitive_attributes": [],
          "private": "eyJlMmJmYjczMC1lY2FhLTExZTYtOGY4OC0zNDM2M2JjN2M0YzAiOnsiY3JlYXRlIjozMDAwMDAwMDAwMDAsImRlbGV0ZSI6MzAwMDAwMDAwMDAwLCJ1cGRhdGUiOjEyMDAwMDAwMDAwMH19",
          "dependencies": [
            "module.vpc.aws_vpc.this",
            "module.vpc.aws_vpc_ipv4_cidr_block_association.this"
          ]
        }
      ]
    },
    {
      "module": "module.vpc",
      "mode": "managed",
      "type": "aws_route_table_association",
      "name": "private",
      "provider": "provider[\"registry.terraform.io/hashicorp/aws\"]",
      "instances": [
        {
          "index_key": 0,
          "schema_version": 0,
          "attributes": {
            "gateway_id": "",
            "id": "rtbassoc-076c4ede8c5cd818f",
            "route_table_id": "rtb-063ea8e24696e52b0",
            "subnet_id": "subnet-0b66f3e27bd4d2565",
            "timeouts": null
          },
          "sensitive_attributes": [],
          "private": "eyJlMmJmYjczMC1lY2FhLTExZTYtOGY4OC0zNDM2M2JjN2M0YzAiOnsiY3JlYXRlIjozMDAwMDAwMDAwMDAsImRlbGV0ZSI6MzAwMDAwMDAwMDAwLCJ1cGRhdGUiOjEyMDAwMDAwMDAwMH19",
          "dependencies": [
            "module.vpc.aws_route_table.private",
            "module.vpc.aws_subnet.private",
            "module.vpc.aws_vpc.this",
            "module.vpc.aws_vpc_ipv4_cidr_block_association.this"
          ]
        },
        {
          "index_key": 1,
          "schema_version": 0,
          "attributes": {
            "gateway_id": "",
            "id": "rtbassoc-018a8aa763fbcdef6",
            "route_table_id": "rtb-063ea8e24696e52b0",
            "subnet_id": "subnet-09cc840631c36f4c8",
            "timeouts": null
          },
          "sensitive_attributes": [],
          "private": "eyJlMmJmYjczMC1lY2FhLTExZTYtOGY4OC0zNDM2M2JjN2M0YzAiOnsiY3JlYXRlIjozMDAwMDAwMDAwMDAsImRlbGV0ZSI6MzAwMDAwMDAwMDAwLCJ1cGRhdGUiOjEyMDAwMDAwMDAwMH19",
          "dependencies": [
            "module.vpc.aws_route_table.private",
            "module.vpc.aws_subnet.private",
            "module.vpc.aws_vpc.this",
            "module.vpc.aws_vpc_ipv4_cidr_block_association.this"
          ]
        }
      ]
    },
    {
      "module": "module.vpc",
      "mode": "managed",
      "type": "aws_route_table_association",
      "name": "public",
      "provider": "provider[\"registry.terraform.io/hashicorp/aws\"]",
      "instances": [
        {
          "index_key": 0,
          "schema_version": 0,
          "attributes": {
            "gateway_id": "",
            "id": "rtbassoc-01b17ab9bf6e35c8f",
            "route_table_id": "rtb-03d67bfef4fd0c55c",
            "subnet_id": "subnet-0ca1074e2c0d07f46",
            "timeouts": null
          },
          "sensitive_attributes": [],
          "private": "eyJlMmJmYjczMC1lY2FhLTExZTYtOGY4OC0zNDM2M2JjN2M0YzAiOnsiY3JlYXRlIjozMDAwMDAwMDAwMDAsImRlbGV0ZSI6MzAwMDAwMDAwMDAwLCJ1cGRhdGUiOjEyMDAwMDAwMDAwMH19",
          "dependencies": [
            "module.vpc.aws_route_table.public",
            "module.vpc.aws_subnet.public",
            "module.vpc.aws_vpc.this",
            "module.vpc.aws_vpc_ipv4_cidr_block_association.this"
          ]
        },
        {
          "index_key": 1,
          "schema_version": 0,
          "attributes": {
            "gateway_id": "",
            "id": "rtbassoc-0e83ca8ace70d0571",
            "route_table_id": "rtb-03d67bfef4fd0c55c",
            "subnet_id": "subnet-0a46e36270c312f63",
            "timeouts": null
          },
          "sensitive_attributes": [],
          "private": "eyJlMmJmYjczMC1lY2FhLTExZTYtOGY4OC0zNDM2M2JjN2M0YzAiOnsiY3JlYXRlIjozMDAwMDAwMDAwMDAsImRlbGV0ZSI6MzAwMDAwMDAwMDAwLCJ1cGRhdGUiOjEyMDAwMDAwMDAwMH19",
          "dependencies": [
            "module.vpc.aws_route_table.public",
            "module.vpc.aws_subnet.public",
            "module.vpc.aws_vpc.this",
            "module.vpc.aws_vpc_ipv4_cidr_block_association.this"
          ]
        }
      ]
    },
    {
      "module": "module.vpc",
      "mode": "managed",
      "type": "aws_subnet",
      "name": "private",
      "provider": "provider[\"registry.terraform.io/hashicorp/aws\"]",
      "instances": [
        {
          "index_key": 0,
          "schema_version": 1,
          "attributes": {
            "arn": "arn:aws:ec2:ap-northeast-1:981715094000:subnet/subnet-0b66f3e27bd4d2565",
            "assign_ipv6_address_on_creation": false,
            "availability_zone": "ap-northeast-1a",
            "availability_zone_id": "apne1-az4",
            "cidr_block": "10.100.30.0/24",
            "customer_owned_ipv4_pool": "",
            "enable_dns64": false,
            "enable_lni_at_device_index": 0,
            "enable_resource_name_dns_a_record_on_launch": false,
            "enable_resource_name_dns_aaaa_record_on_launch": false,
            "id": "subnet-0b66f3e27bd4d2565",
            "ipv6_cidr_block": "",
            "ipv6_cidr_block_association_id": "",
            "ipv6_native": false,
            "map_customer_owned_ip_on_launch": false,
            "map_public_ip_on_launch": false,
            "outpost_arn": "",
            "owner_id": "981715094000",
            "private_dns_hostname_type_on_launch": "ip-name",
            "tags": {
              "ManagedBy": "Terraform",
              "Name": "one-ecs-vpc-private-ap-northeast-1a",
              "Project": "one-ecs"
            },
            "tags_all": {
              "ManagedBy": "Terraform",
              "Name": "one-ecs-vpc-private-ap-northeast-1a",
              "Project": "one-ecs"
            },
            "timeouts": null,
            "vpc_id": "vpc-0e99889953ef648e9"
          },
          "sensitive_attributes": [],
          "private": "eyJlMmJmYjczMC1lY2FhLTExZTYtOGY4OC0zNDM2M2JjN2M0YzAiOnsiY3JlYXRlIjo2MDAwMDAwMDAwMDAsImRlbGV0ZSI6MTIwMDAwMDAwMDAwMH0sInNjaGVtYV92ZXJzaW9uIjoiMSJ9",
          "dependencies": [
            "module.vpc.aws_vpc.this",
            "module.vpc.aws_vpc_ipv4_cidr_block_association.this"
          ],
          "create_before_destroy": true
        },
        {
          "index_key": 1,
          "schema_version": 1,
          "attributes": {
            "arn": "arn:aws:ec2:ap-northeast-1:981715094000:subnet/subnet-09cc840631c36f4c8",
            "assign_ipv6_address_on_creation": false,
            "availability_zone": "ap-northeast-1c",
            "availability_zone_id": "apne1-az1",
            "cidr_block": "10.100.40.0/24",
            "customer_owned_ipv4_pool": "",
            "enable_dns64": false,
            "enable_lni_at_device_index": 0,
            "enable_resource_name_dns_a_record_on_launch": false,
            "enable_resource_name_dns_aaaa_record_on_launch": false,
            "id": "subnet-09cc840631c36f4c8",
            "ipv6_cidr_block": "",
            "ipv6_cidr_block_association_id": "",
            "ipv6_native": false,
            "map_customer_owned_ip_on_launch": false,
            "map_public_ip_on_launch": false,
            "outpost_arn": "",
            "owner_id": "981715094000",
            "private_dns_hostname_type_on_launch": "ip-name",
            "tags": {
              "ManagedBy": "Terraform",
              "Name": "one-ecs-vpc-private-ap-northeast-1c",
              "Project": "one-ecs"
            },
            "tags_all": {
              "ManagedBy": "Terraform",
              "Name": "one-ecs-vpc-private-ap-northeast-1c",
              "Project": "one-ecs"
            },
            "timeouts": null,
            "vpc_id": "vpc-0e99889953ef648e9"
          },
          "sensitive_attributes": [],
          "private": "eyJlMmJmYjczMC1lY2FhLTExZTYtOGY4OC0zNDM2M2JjN2M0YzAiOnsiY3JlYXRlIjo2MDAwMDAwMDAwMDAsImRlbGV0ZSI6MTIwMDAwMDAwMDAwMH0sInNjaGVtYV92ZXJzaW9uIjoiMSJ9",
          "dependencies": [
            "module.vpc.aws_vpc.this",
            "module.vpc.aws_vpc_ipv4_cidr_block_association.this"
          ],
          "create_before_destroy": true
        }
      ]
    },
    {
      "module": "module.vpc",
      "mode": "managed",
      "type": "aws_subnet",
      "name": "public",
      "provider": "provider[\"registry.terraform.io/hashicorp/aws\"]",
      "instances": [
        {
          "index_key": 0,
          "schema_version": 1,
          "attributes": {
            "arn": "arn:aws:ec2:ap-northeast-1:981715094000:subnet/subnet-0ca1074e2c0d07f46",
            "assign_ipv6_address_on_creation": false,
            "availability_zone": "ap-northeast-1a",
            "availability_zone_id": "apne1-az4",
            "cidr_block": "10.100.10.0/24",
            "customer_owned_ipv4_pool": "",
            "enable_dns64": false,
            "enable_lni_at_device_index": 0,
            "enable_resource_name_dns_a_record_on_launch": false,
            "enable_resource_name_dns_aaaa_record_on_launch": false,
            "id": "subnet-0ca1074e2c0d07f46",
            "ipv6_cidr_block": "",
            "ipv6_cidr_block_association_id": "",
            "ipv6_native": false,
            "map_customer_owned_ip_on_launch": false,
            "map_public_ip_on_launch": false,
            "outpost_arn": "",
            "owner_id": "981715094000",
            "private_dns_hostname_type_on_launch": "ip-name",
            "tags": {
              "ManagedBy": "Terraform",
              "Name": "one-ecs-vpc-public-ap-northeast-1a",
              "Project": "one-ecs"
            },
            "tags_all": {
              "ManagedBy": "Terraform",
              "Name": "one-ecs-vpc-public-ap-northeast-1a",
              "Project": "one-ecs"
            },
            "timeouts": null,
            "vpc_id": "vpc-0e99889953ef648e9"
          },
          "sensitive_attributes": [],
          "private": "eyJlMmJmYjczMC1lY2FhLTExZTYtOGY4OC0zNDM2M2JjN2M0YzAiOnsiY3JlYXRlIjo2MDAwMDAwMDAwMDAsImRlbGV0ZSI6MTIwMDAwMDAwMDAwMH0sInNjaGVtYV92ZXJzaW9uIjoiMSJ9",
          "dependencies": [
            "module.vpc.aws_vpc.this",
            "module.vpc.aws_vpc_ipv4_cidr_block_association.this"
          ]
        },
        {
          "index_key": 1,
          "schema_version": 1,
          "attributes": {
            "arn": "arn:aws:ec2:ap-northeast-1:981715094000:subnet/subnet-0a46e36270c312f63",
            "assign_ipv6_address_on_creation": false,
            "availability_zone": "ap-northeast-1c",
            "availability_zone_id": "apne1-az1",
            "cidr_block": "10.100.20.0/24",
            "customer_owned_ipv4_pool": "",
            "enable_dns64": false,
            "enable_lni_at_device_index": 0,
            "enable_resource_name_dns_a_record_on_launch": false,
            "enable_resource_name_dns_aaaa_record_on_launch": false,
            "id": "subnet-0a46e36270c312f63",
            "ipv6_cidr_block": "",
            "ipv6_cidr_block_association_id": "",
            "ipv6_native": false,
            "map_customer_owned_ip_on_launch": false,
            "map_public_ip_on_launch": false,
            "outpost_arn": "",
            "owner_id": "981715094000",
            "private_dns_hostname_type_on_launch": "ip-name",
            "tags": {
              "ManagedBy": "Terraform",
              "Name": "one-ecs-vpc-public-ap-northeast-1c",
              "Project": "one-ecs"
            },
            "tags_all": {
              "ManagedBy": "Terraform",
              "Name": "one-ecs-vpc-public-ap-northeast-1c",
              "Project": "one-ecs"
            },
            "timeouts": null,
            "vpc_id": "vpc-0e99889953ef648e9"
          },
          "sensitive_attributes": [],
          "private": "eyJlMmJmYjczMC1lY2FhLTExZTYtOGY4OC0zNDM2M2JjN2M0YzAiOnsiY3JlYXRlIjo2MDAwMDAwMDAwMDAsImRlbGV0ZSI6MTIwMDAwMDAwMDAwMH0sInNjaGVtYV92ZXJzaW9uIjoiMSJ9",
          "dependencies": [
            "module.vpc.aws_vpc.this",
            "module.vpc.aws_vpc_ipv4_cidr_block_association.this"
          ]
        }
      ]
    },
    {
      "module": "module.vpc",
      "mode": "managed",
      "type": "aws_vpc",
      "name": "this",
      "provider": "provider[\"registry.terraform.io/hashicorp/aws\"]",
      "instances": [
        {
          "index_key": 0,
          "schema_version": 1,
          "attributes": {
            "arn": "arn:aws:ec2:ap-northeast-1:981715094000:vpc/vpc-0e99889953ef648e9",
            "assign_generated_ipv6_cidr_block": false,
            "cidr_block": "10.100.0.0/16",
            "default_network_acl_id": "acl-06677c1ebb31b720d",
            "default_route_table_id": "rtb-0b4346bb1c8dd1b39",
            "default_security_group_id": "sg-0c651f2180de7bdc5",
            "dhcp_options_id": "dopt-03c5b24b75a21b58a",
            "enable_classiclink": false,
            "enable_classiclink_dns_support": false,
            "enable_dns_hostnames": true,
            "enable_dns_support": true,
            "enable_network_address_usage_metrics": false,
            "id": "vpc-0e99889953ef648e9",
            "instance_tenancy": "default",
            "ipv4_ipam_pool_id": null,
            "ipv4_netmask_length": null,
            "ipv6_association_id": "",
            "ipv6_cidr_block": "",
            "ipv6_cidr_block_network_border_group": "",
            "ipv6_ipam_pool_id": "",
            "ipv6_netmask_length": 0,
            "main_route_table_id": "rtb-0b4346bb1c8dd1b39",
            "owner_id": "981715094000",
            "tags": {
              "ManagedBy": "Terraform",
              "Name": "one-ecs-vpc",
              "Project": "one-ecs"
            },
            "tags_all": {
              "ManagedBy": "Terraform",
              "Name": "one-ecs-vpc",
              "Project": "one-ecs"
            }
          },
          "sensitive_attributes": [],
          "private": "eyJzY2hlbWFfdmVyc2lvbiI6IjEifQ==",
          "create_before_destroy": true
        }
      ]
    }
  ],
  "check_results": null
}
